// !$*UTF8*$!
{
	archiveVersion = 1;
	classes = {
	};
	objectVersion = 55;
	objects = {

/* Begin PBXBuildFile section */
		189C22232914C80D005E78B7 /* AppDelegate.swift in Sources */ = {isa = PBXBuildFile; fileRef = 189C22222914C80D005E78B7 /* AppDelegate.swift */; };
		189C22252914C80D005E78B7 /* SceneDelegate.swift in Sources */ = {isa = PBXBuildFile; fileRef = 189C22242914C80D005E78B7 /* SceneDelegate.swift */; };
		189C22272914C80D005E78B7 /* ViewController.swift in Sources */ = {isa = PBXBuildFile; fileRef = 189C22262914C80D005E78B7 /* ViewController.swift */; };
		189C222A2914C80D005E78B7 /* Main.storyboard in Resources */ = {isa = PBXBuildFile; fileRef = 189C22282914C80D005E78B7 /* Main.storyboard */; };
		189C222D2914C80D005E78B7 /* JSONdemo2.xcdatamodeld in Sources */ = {isa = PBXBuildFile; fileRef = 189C222B2914C80D005E78B7 /* JSONdemo2.xcdatamodeld */; };
		189C222F2914C812005E78B7 /* Assets.xcassets in Resources */ = {isa = PBXBuildFile; fileRef = 189C222E2914C812005E78B7 /* Assets.xcassets */; };
		189C22322914C812005E78B7 /* LaunchScreen.storyboard in Resources */ = {isa = PBXBuildFile; fileRef = 189C22302914C812005E78B7 /* LaunchScreen.storyboard */; };
		189C223A2914CB92005E78B7 /* MyTableViewCell.swift in Sources */ = {isa = PBXBuildFile; fileRef = 189C22392914CB92005E78B7 /* MyTableViewCell.swift */; };
		189C223E2914CF53005E78B7 /* patientInfo.swift in Sources */ = {isa = PBXBuildFile; fileRef = 189C223D2914CF53005E78B7 /* patientInfo.swift */; };
		18F686EC2919194500F75CA9 /* AddPatientViewController.swift in Sources */ = {isa = PBXBuildFile; fileRef = 18F686EB2919194500F75CA9 /* AddPatientViewController.swift */; };
		18F686EE29191F5100F75CA9 /* ModifyViewController.swift in Sources */ = {isa = PBXBuildFile; fileRef = 18F686ED29191F5100F75CA9 /* ModifyViewController.swift */; };
/* End PBXBuildFile section */

/* Begin PBXFileReference section */
		189C221F2914C80D005E78B7 /* JSONdemo2.app */ = {isa = PBXFileReference; explicitFileType = wrapper.application; includeInIndex = 0; path = JSONdemo2.app; sourceTree = BUILT_PRODUCTS_DIR; };
		189C22222914C80D005E78B7 /* AppDelegate.swift */ = {isa = PBXFileReference; lastKnownFileType = sourcecode.swift; path = AppDelegate.swift; sourceTree = "<group>"; };
		189C22242914C80D005E78B7 /* SceneDelegate.swift */ = {isa = PBXFileReference; lastKnownFileType = sourcecode.swift; path = SceneDelegate.swift; sourceTree = "<group>"; };
		189C22262914C80D005E78B7 /* ViewController.swift */ = {isa = PBXFileReference; lastKnownFileType = sourcecode.swift; path = ViewController.swift; sourceTree = "<group>"; };
		189C22292914C80D005E78B7 /* Base */ = {isa = PBXFileReference; lastKnownFileType = file.storyboard; name = Base; path = Base.lproj/Main.storyboard; sourceTree = "<group>"; };
		189C222C2914C80D005E78B7 /* JSONdemo2.xcdatamodel */ = {isa = PBXFileReference; lastKnownFileType = wrapper.xcdatamodel; path = JSONdemo2.xcdatamodel; sourceTree = "<group>"; };
		189C222E2914C812005E78B7 /* Assets.xcassets */ = {isa = PBXFileReference; lastKnownFileType = folder.assetcatalog; path = Assets.xcassets; sourceTree = "<group>"; };
		189C22312914C812005E78B7 /* Base */ = {isa = PBXFileReference; lastKnownFileType = file.storyboard; name = Base; path = Base.lproj/LaunchScreen.storyboard; sourceTree = "<group>"; };
		189C22332914C812005E78B7 /* Info.plist */ = {isa = PBXFileReference; lastKnownFileType = text.plist.xml; path = Info.plist; sourceTree = "<group>"; };
		189C22392914CB92005E78B7 /* MyTableViewCell.swift */ = {isa = PBXFileReference; lastKnownFileType = sourcecode.swift; path = MyTableViewCell.swift; sourceTree = "<group>"; };
		189C223D2914CF53005E78B7 /* patientInfo.swift */ = {isa = PBXFileReference; lastKnownFileType = sourcecode.swift; path = patientInfo.swift; sourceTree = "<group>"; };
		18F686EB2919194500F75CA9 /* AddPatientViewController.swift */ = {isa = PBXFileReference; lastKnownFileType = sourcecode.swift; path = AddPatientViewController.swift; sourceTree = "<group>"; };
		18F686ED29191F5100F75CA9 /* ModifyViewController.swift */ = {isa = PBXFileReference; lastKnownFileType = sourcecode.swift; path = ModifyViewController.swift; sourceTree = "<group>"; };
/* End PBXFileReference section */

/* Begin PBXFrameworksBuildPhase section */
		189C221C2914C80D005E78B7 /* Frameworks */ = {
			isa = PBXFrameworksBuildPhase;
			buildActionMask = 2147483647;
			files = (
			);
			runOnlyForDeploymentPostprocessing = 0;
		};
/* End PBXFrameworksBuildPhase section */

/* Begin PBXGroup section */
		189C22162914C80D005E78B7 = {
			isa = PBXGroup;
			children = (
				189C22212914C80D005E78B7 /* JSONdemo2 */,
				189C22202914C80D005E78B7 /* Products */,
			);
			sourceTree = "<group>";
		};
		189C22202914C80D005E78B7 /* Products */ = {
			isa = PBXGroup;
			children = (
				189C221F2914C80D005E78B7 /* JSONdemo2.app */,
			);
			name = Products;
			sourceTree = "<group>";
		};
		189C22212914C80D005E78B7 /* JSONdemo2 */ = {
			isa = PBXGroup;
			children = (
				189C22222914C80D005E78B7 /* AppDelegate.swift */,
				189C22242914C80D005E78B7 /* SceneDelegate.swift */,
				189C22262914C80D005E78B7 /* ViewController.swift */,
				189C223D2914CF53005E78B7 /* patientInfo.swift */,
				189C22392914CB92005E78B7 /* MyTableViewCell.swift */,
				189C22282914C80D005E78B7 /* Main.storyboard */,
				18F686ED29191F5100F75CA9 /* ModifyViewController.swift */,
				18F686EB2919194500F75CA9 /* AddPatientViewController.swift */,
				189C222E2914C812005E78B7 /* Assets.xcassets */,
				189C22302914C812005E78B7 /* LaunchScreen.storyboard */,
				189C22332914C812005E78B7 /* Info.plist */,
				189C222B2914C80D005E78B7 /* JSONdemo2.xcdatamodeld */,
			);
			path = JSONdemo2;
			sourceTree = "<group>";
		};
/* End PBXGroup section */

/* Begin PBXNativeTarget section */
		189C221E2914C80D005E78B7 /* JSONdemo2 */ = {
			isa = PBXNativeTarget;
			buildConfigurationList = 189C22362914C812005E78B7 /* Build configuration list for PBXNativeTarget "JSONdemo2" */;
			buildPhases = (
				189C221B2914C80D005E78B7 /* Sources */,
				189C221C2914C80D005E78B7 /* Frameworks */,
				189C221D2914C80D005E78B7 /* Resources */,
			);
			buildRules = (
			);
			dependencies = (
			);
			name = JSONdemo2;
			productName = JSONdemo2;
			productReference = 189C221F2914C80D005E78B7 /* JSONdemo2.app */;
			productType = "com.apple.product-type.application";
		};
/* End PBXNativeTarget section */

/* Begin PBXProject section */
		189C22172914C80D005E78B7 /* Project object */ = {
			isa = PBXProject;
			attributes = {
				BuildIndependentTargetsInParallel = 1;
				LastSwiftUpdateCheck = 1300;
				LastUpgradeCheck = 1300;
				TargetAttributes = {
					189C221E2914C80D005E78B7 = {
						CreatedOnToolsVersion = 13.0;
					};
				};
			};
			buildConfigurationList = 189C221A2914C80D005E78B7 /* Build configuration list for PBXProject "JSONdemo2" */;
			compatibilityVersion = "Xcode 13.0";
			developmentRegion = en;
			hasScannedForEncodings = 0;
			knownRegions = (
				en,
				Base,
			);
			mainGroup = 189C22162914C80D005E78B7;
			productRefGroup = 189C22202914C80D005E78B7 /* Products */;
			projectDirPath = "";
			projectRoot = "";
			targets = (
				189C221E2914C80D005E78B7 /* JSONdemo2 */,
			);
		};
/* End PBXProject section */

/* Begin PBXResourcesBuildPhase section */
		189C221D2914C80D005E78B7 /* Resources */ = {
			isa = PBXResourcesBuildPhase;
			buildActionMask = 2147483647;
			files = (
				189C22322914C812005E78B7 /* LaunchScreen.storyboard in Resources */,
				189C222F2914C812005E78B7 /* Assets.xcassets in Resources */,
				189C222A2914C80D005E78B7 /* Main.storyboard in Resources */,
			);
			runOnlyForDeploymentPostprocessing = 0;
		};
/* End PBXResourcesBuildPhase section */

/* Begin PBXSourcesBuildPhase section */
		189C221B2914C80D005E78B7 /* Sources */ = {
			isa = PBXSourcesBuildPhase;
			buildActionMask = 2147483647;
			files = (
				189C22272914C80D005E78B7 /* ViewController.swift in Sources */,
				189C22232914C80D005E78B7 /* AppDelegate.swift in Sources */,
				189C22252914C80D005E78B7 /* SceneDelegate.swift in Sources */,
				189C223E2914CF53005E78B7 /* patientInfo.swift in Sources */,
				18F686EE29191F5100F75CA9 /* ModifyViewController.swift in Sources */,
				189C223A2914CB92005E78B7 /* MyTableViewCell.swift in Sources */,
				189C222D2914C80D005E78B7 /* JSONdemo2.xcdatamodeld in Sources */,
				18F686EC2919194500F75CA9 /* AddPatientViewController.swift in Sources */,
			);
			runOnlyForDeploymentPostprocessing = 0;
		};
/* End PBXSourcesBuildPhase section */

/* Begin PBXVariantGroup section */
		189C22282914C80D005E78B7 /* Main.storyboard */ = {
			isa = PBXVariantGroup;
			children = (
				189C22292914C80D005E78B7 /* Base */,
			);
			name = Main.storyboard;
			sourceTree = "<group>";
		};
		189C22302914C812005E78B7 /* LaunchScreen.storyboard */ = {
			isa = PBXVariantGroup;
			children = (
				189C22312914C812005E78B7 /* Base */,
			);
			name = LaunchScreen.storyboard;
			sourceTree = "<group>";
		};
/* End PBXVariantGroup section */

/* Begin XCBuildConfiguration section */
		189C22342914C812005E78B7 /* Debug */ = {
			isa = XCBuildConfiguration;
			buildSettings = {
				ALWAYS_SEARCH_USER_PATHS = NO;
				CLANG_ANALYZER_NONNULL = YES;
				CLANG_ANALYZER_NUMBER_OBJECT_CONVERSION = YES_AGGRESSIVE;
				CLANG_CXX_LANGUAGE_STANDARD = "gnu++17";
				CLANG_CXX_LIBRARY = "libc++";
				CLANG_ENABLE_MODULES = YES;
				CLANG_ENABLE_OBJC_ARC = YES;
				CLANG_ENABLE_OBJC_WEAK = YES;
				CLANG_WARN_BLOCK_CAPTURE_AUTORELEASING = YES;
				CLANG_WARN_BOOL_CONVERSION = YES;
				CLANG_WARN_COMMA = YES;
				CLANG_WARN_CONSTANT_CONVERSION = YES;
				CLANG_WARN_DEPRECATED_OBJC_IMPLEMENTATIONS = YES;
				CLANG_WARN_DIRECT_OBJC_ISA_USAGE = YES_ERROR;
				CLANG_WARN_DOCUMENTATION_COMMENTS = YES;
				CLANG_WARN_EMPTY_BODY = YES;
				CLANG_WARN_ENUM_CONVERSION = YES;
				CLANG_WARN_INFINITE_RECURSION = YES;
				CLANG_WARN_INT_CONVERSION = YES;
				CLANG_WARN_NON_LITERAL_NULL_CONVERSION = YES;
				CLANG_WARN_OBJC_IMPLICIT_RETAIN_SELF = YES;
				CLANG_WARN_OBJC_LITERAL_CONVERSION = YES;
				CLANG_WARN_OBJC_ROOT_CLASS = YES_ERROR;
				CLANG_WARN_QUOTED_INCLUDE_IN_FRAMEWORK_HEADER = YES;
				CLANG_WARN_RANGE_LOOP_ANALYSIS = YES;
				CLANG_WARN_STRICT_PROTOTYPES = YES;
				CLANG_WARN_SUSPICIOUS_MOVE = YES;
				CLANG_WARN_UNGUARDED_AVAILABILITY = YES_AGGRESSIVE;
				CLANG_WARN_UNREACHABLE_CODE = YES;
				CLANG_WARN__DUPLICATE_METHOD_MATCH = YES;
				COPY_PHASE_STRIP = NO;
				DEBUG_INFORMATION_FORMAT = dwarf;
				ENABLE_STRICT_OBJC_MSGSEND = YES;
				ENABLE_TESTABILITY = YES;
				GCC_C_LANGUAGE_STANDARD = gnu11;
				GCC_DYNAMIC_NO_PIC = NO;
				GCC_NO_COMMON_BLOCKS = YES;
				GCC_OPTIMIZATION_LEVEL = 0;
				GCC_PREPROCESSOR_DEFINITIONS = (
					"DEBUG=1",
					"$(inherited)",
				);
				GCC_WARN_64_TO_32_BIT_CONVERSION = YES;
				GCC_WARN_ABOUT_RETURN_TYPE = YES_ERROR;
				GCC_WARN_UNDECLARED_SELECTOR = YES;
				GCC_WARN_UNINITIALIZED_AUTOS = YES_AGGRESSIVE;
				GCC_WARN_UNUSED_FUNCTION = YES;
				GCC_WARN_UNUSED_VARIABLE = YES;
				IPHONEOS_DEPLOYMENT_TARGET = 15.0;
				MTL_ENABLE_DEBUG_INFO = INCLUDE_SOURCE;
				MTL_FAST_MATH = YES;
				ONLY_ACTIVE_ARCH = YES;
				SDKROOT = iphoneos;
				SWIFT_ACTIVE_COMPILATION_CONDITIONS = DEBUG;
				SWIFT_OPTIMIZATION_LEVEL = "-Onone";
			};
			name = Debug;
		};
		189C22352914C812005E78B7 /* Release */ = {
			isa = XCBuildConfiguration;
			buildSettings = {
				ALWAYS_SEARCH_USER_PATHS = NO;
				CLANG_ANALYZER_NONNULL = YES;
				CLANG_ANALYZER_NUMBER_OBJECT_CONVERSION = YES_AGGRESSIVE;
				CLANG_CXX_LANGUAGE_STANDARD = "gnu++17";
				CLANG_CXX_LIBRARY = "libc++";
				CLANG_ENABLE_MODULES = YES;
				CLANG_ENABLE_OBJC_ARC = YES;
				CLANG_ENABLE_OBJC_WEAK = YES;
				CLANG_WARN_BLOCK_CAPTURE_AUTORELEASING = YES;
				CLANG_WARN_BOOL_CONVERSION = YES;
				CLANG_WARN_COMMA = YES;
				CLANG_WARN_CONSTANT_CONVERSION = YES;
				CLANG_WARN_DEPRECATED_OBJC_IMPLEMENTATIONS = YES;
				CLANG_WARN_DIRECT_OBJC_ISA_USAGE = YES_ERROR;
				CLANG_WARN_DOCUMENTATION_COMMENTS = YES;
				CLANG_WARN_EMPTY_BODY = YES;
				CLANG_WARN_ENUM_CONVERSION = YES;
				CLANG_WARN_INFINITE_RECURSION = YES;
				CLANG_WARN_INT_CONVERSION = YES;
				CLANG_WARN_NON_LITERAL_NULL_CONVERSION = YES;
				CLANG_WARN_OBJC_IMPLICIT_RETAIN_SELF = YES;
				CLANG_WARN_OBJC_LITERAL_CONVERSION = YES;
				CLANG_WARN_OBJC_ROOT_CLASS = YES_ERROR;
				CLANG_WARN_QUOTED_INCLUDE_IN_FRAMEWORK_HEADER = YES;
				CLANG_WARN_RANGE_LOOP_ANALYSIS = YES;
				CLANG_WARN_STRICT_PROTOTYPES = YES;
				CLANG_WARN_SUSPICIOUS_MOVE = YES;
				CLANG_WARN_UNGUARDED_AVAILABILITY = YES_AGGRESSIVE;
				CLANG_WARN_UNREACHABLE_CODE = YES;
				CLANG_WARN__DUPLICATE_METHOD_MATCH = YES;
				COPY_PHASE_STRIP = NO;
				DEBUG_INFORMATION_FORMAT = "dwarf-with-dsym";
				ENABLE_NS_ASSERTIONS = NO;
				ENABLE_STRICT_OBJC_MSGSEND = YES;
				GCC_C_LANGUAGE_STANDARD = gnu11;
				GCC_NO_COMMON_BLOCKS = YES;
				GCC_WARN_64_TO_32_BIT_CONVERSION = YES;
				GCC_WARN_ABOUT_RETURN_TYPE = YES_ERROR;
				GCC_WARN_UNDECLARED_SELECTOR = YES;
				GCC_WARN_UNINITIALIZED_AUTOS = YES_AGGRESSIVE;
				GCC_WARN_UNUSED_FUNCTION = YES;
				GCC_WARN_UNUSED_VARIABLE = YES;
				IPHONEOS_DEPLOYMENT_TARGET = 15.0;
				MTL_ENABLE_DEBUG_INFO = NO;
				MTL_FAST_MATH = YES;
				SDKROOT = iphoneos;
				SWIFT_COMPILATION_MODE = wholemodule;
				SWIFT_OPTIMIZATION_LEVEL = "-O";
				VALIDATE_PRODUCT = YES;
			};
			name = Release;
		};
		189C22372914C812005E78B7 /* Debug */ = {
			isa = XCBuildConfiguration;
			buildSettings = {
				ASSETCATALOG_COMPILER_APPICON_NAME = AppIcon;
				ASSETCATALOG_COMPILER_GLOBAL_ACCENT_COLOR_NAME = AccentColor;
				CODE_SIGN_STYLE = Automatic;
				CURRENT_PROJECT_VERSION = 1;
				GENERATE_INFOPLIST_FILE = YES;
				INFOPLIST_FILE = JSONdemo2/Info.plist;
				INFOPLIST_KEY_UIApplicationSupportsIndirectInputEvents = YES;
				INFOPLIST_KEY_UILaunchStoryboardName = LaunchScreen;
				INFOPLIST_KEY_UIMainStoryboardFile = Main;
				INFOPLIST_KEY_UISupportedInterfaceOrientations_iPad = "UIInterfaceOrientationPortrait UIInterfaceOrientationPortraitUpsideDown UIInterfaceOrientationLandscapeLeft UIInterfaceOrientationLandscapeRight";
				INFOPLIST_KEY_UISupportedInterfaceOrientations_iPhone = "UIInterfaceOrientationPortrait UIInterfaceOrientationLandscapeLeft UIInterfaceOrientationLandscapeRight";
				LD_RUNPATH_SEARCH_PATHS = (
					"$(inherited)",
					"@executable_path/Frameworks",
				);
				MARKETING_VERSION = 1.0;
				PRODUCT_BUNDLE_IDENTIFIER = "Code-better.JSONdemo2";
				PRODUCT_NAME = "$(TARGET_NAME)";
				SWIFT_EMIT_LOC_STRINGS = YES;
				SWIFT_VERSION = 5.0;
				TARGETED_DEVICE_FAMILY = "1,2";
			};
			name = Debug;
		};
		189C22382914C812005E78B7 /* Release */ = {
			isa = XCBuildConfiguration;
			buildSettings = {
				ASSETCATALOG_COMPILER_APPICON_NAME = AppIcon;
				ASSETCATALOG_COMPILER_GLOBAL_ACCENT_COLOR_NAME = AccentColor;
				CODE_SIGN_STYLE = Automatic;
				CURRENT_PROJECT_VERSION = 1;
				GENERATE_INFOPLIST_FILE = YES;
				INFOPLIST_FILE = JSONdemo2/Info.plist;
				INFOPLIST_KEY_UIApplicationSupportsIndirectInputEvents = YES;
				INFOPLIST_KEY_UILaunchStoryboardName = LaunchScreen;
				INFOPLIST_KEY_UIMainStoryboardFile = Main;
				INFOPLIST_KEY_UISupportedInterfaceOrientations_iPad = "UIInterfaceOrientationPortrait UIInterfaceOrientationPortraitUpsideDown UIInterfaceOrientationLandscapeLeft UIInterfaceOrientationLandscapeRight";
				INFOPLIST_KEY_UISupportedInterfaceOrientations_iPhone = "UIInterfaceOrientationPortrait UIInterfaceOrientationLandscapeLeft UIInterfaceOrientationLandscapeRight";
				LD_RUNPATH_SEARCH_PATHS = (
					"$(inherited)",
					"@executable_path/Frameworks",
				);
				MARKETING_VERSION = 1.0;
				PRODUCT_BUNDLE_IDENTIFIER = "Code-better.JSONdemo2";
				PRODUCT_NAME = "$(TARGET_NAME)";
				SWIFT_EMIT_LOC_STRINGS = YES;
				SWIFT_VERSION = 5.0;
				TARGETED_DEVICE_FAMILY = "1,2";
			};
			name = Release;
		};
/* End XCBuildConfiguration section */

/* Begin XCConfigurationList section */
		189C221A2914C80D005E78B7 /* Build configuration list for PBXProject "JSONdemo2" */ = {
			isa = XCConfigurationList;
			buildConfigurations = (
				189C22342914C812005E78B7 /* Debug */,
				189C22352914C812005E78B7 /* Release */,
			);
			defaultConfigurationIsVisible = 0;
			defaultConfigurationName = Release;
		};
		189C22362914C812005E78B7 /* Build configuration list for PBXNativeTarget "JSONdemo2" */ = {
			isa = XCConfigurationList;
			buildConfigurations = (
				189C22372914C812005E78B7 /* Debug */,
				189C22382914C812005E78B7 /* Release */,
			);
			defaultConfigurationIsVisible = 0;
			defaultConfigurationName = Release;
		};
/* End XCConfigurationList section */

/* Begin XCVersionGroup section */
		189C222B2914C80D005E78B7 /* JSONdemo2.xcdatamodeld */ = {
			isa = XCVersionGroup;
			children = (
				189C222C2914C80D005E78B7 /* JSONdemo2.xcdatamodel */,
			);
			currentVersion = 189C222C2914C80D005E78B7 /* JSONdemo2.xcdatamodel */;
			path = JSONdemo2.xcdatamodeld;
			sourceTree = "<group>";
			versionGroupType = wrapper.xcdatamodel;
		};
/* End XCVersionGroup section */
	};
	rootObject = 189C22172914C80D005E78B7 /* Project object */;
}
