// !$*UTF8*$!
{
	archiveVersion = 1;
	classes = {
	};
	objectVersion = 55;
	objects = {

/* Begin PBXBuildFile section */
		186EC30F28FFF1CC0038D467 /* AppDelegate.swift in Sources */ = {isa = PBXBuildFile; fileRef = 186EC30E28FFF1CC0038D467 /* AppDelegate.swift */; };
		186EC31128FFF1CC0038D467 /* SceneDelegate.swift in Sources */ = {isa = PBXBuildFile; fileRef = 186EC31028FFF1CC0038D467 /* SceneDelegate.swift */; };
		186EC31328FFF1CC0038D467 /* ViewController.swift in Sources */ = {isa = PBXBuildFile; fileRef = 186EC31228FFF1CC0038D467 /* ViewController.swift */; };
		186EC31628FFF1CC0038D467 /* Main.storyboard in Resources */ = {isa = PBXBuildFile; fileRef = 186EC31428FFF1CC0038D467 /* Main.storyboard */; };
		186EC31928FFF1CC0038D467 /* SQLiteEmployee.xcdatamodeld in Sources */ = {isa = PBXBuildFile; fileRef = 186EC31728FFF1CC0038D467 /* SQLiteEmployee.xcdatamodeld */; };
		186EC31B28FFF1D00038D467 /* Assets.xcassets in Resources */ = {isa = PBXBuildFile; fileRef = 186EC31A28FFF1D00038D467 /* Assets.xcassets */; };
		186EC31E28FFF1D00038D467 /* LaunchScreen.storyboard in Resources */ = {isa = PBXBuildFile; fileRef = 186EC31C28FFF1D00038D467 /* LaunchScreen.storyboard */; };
		186EC32628FFF3230038D467 /* SQLiteWrapper.swift in Sources */ = {isa = PBXBuildFile; fileRef = 186EC32528FFF3230038D467 /* SQLiteWrapper.swift */; };
		186EC32828FFF3320038D467 /* Employeedb.sqlite in Resources */ = {isa = PBXBuildFile; fileRef = 186EC32728FFF3320038D467 /* Employeedb.sqlite */; };
/* End PBXBuildFile section */

/* Begin PBXFileReference section */
		186EC30B28FFF1CC0038D467 /* SQLiteEmployee.app */ = {isa = PBXFileReference; explicitFileType = wrapper.application; includeInIndex = 0; path = SQLiteEmployee.app; sourceTree = BUILT_PRODUCTS_DIR; };
		186EC30E28FFF1CC0038D467 /* AppDelegate.swift */ = {isa = PBXFileReference; lastKnownFileType = sourcecode.swift; path = AppDelegate.swift; sourceTree = "<group>"; };
		186EC31028FFF1CC0038D467 /* SceneDelegate.swift */ = {isa = PBXFileReference; lastKnownFileType = sourcecode.swift; path = SceneDelegate.swift; sourceTree = "<group>"; };
		186EC31228FFF1CC0038D467 /* ViewController.swift */ = {isa = PBXFileReference; lastKnownFileType = sourcecode.swift; path = ViewController.swift; sourceTree = "<group>"; };
		186EC31528FFF1CC0038D467 /* Base */ = {isa = PBXFileReference; lastKnownFileType = file.storyboard; name = Base; path = Base.lproj/Main.storyboard; sourceTree = "<group>"; };
		186EC31828FFF1CC0038D467 /* SQLiteEmployee.xcdatamodel */ = {isa = PBXFileReference; lastKnownFileType = wrapper.xcdatamodel; path = SQLiteEmployee.xcdatamodel; sourceTree = "<group>"; };
		186EC31A28FFF1D00038D467 /* Assets.xcassets */ = {isa = PBXFileReference; lastKnownFileType = folder.assetcatalog; path = Assets.xcassets; sourceTree = "<group>"; };
		186EC31D28FFF1D00038D467 /* Base */ = {isa = PBXFileReference; lastKnownFileType = file.storyboard; name = Base; path = Base.lproj/LaunchScreen.storyboard; sourceTree = "<group>"; };
		186EC31F28FFF1D00038D467 /* Info.plist */ = {isa = PBXFileReference; lastKnownFileType = text.plist.xml; path = Info.plist; sourceTree = "<group>"; };
		186EC32528FFF3230038D467 /* SQLiteWrapper.swift */ = {isa = PBXFileReference; fileEncoding = 4; lastKnownFileType = sourcecode.swift; path = SQLiteWrapper.swift; sourceTree = "<group>"; };
		186EC32728FFF3320038D467 /* Employeedb.sqlite */ = {isa = PBXFileReference; lastKnownFileType = file; path = Employeedb.sqlite; sourceTree = "<group>"; };
/* End PBXFileReference section */

/* Begin PBXFrameworksBuildPhase section */
		186EC30828FFF1CC0038D467 /* Frameworks */ = {
			isa = PBXFrameworksBuildPhase;
			buildActionMask = 2147483647;
			files = (
			);
			runOnlyForDeploymentPostprocessing = 0;
		};
/* End PBXFrameworksBuildPhase section */

/* Begin PBXGroup section */
		186EC30228FFF1CC0038D467 = {
			isa = PBXGroup;
			children = (
				186EC30D28FFF1CC0038D467 /* SQLiteEmployee */,
				186EC30C28FFF1CC0038D467 /* Products */,
			);
			sourceTree = "<group>";
		};
		186EC30C28FFF1CC0038D467 /* Products */ = {
			isa = PBXGroup;
			children = (
				186EC30B28FFF1CC0038D467 /* SQLiteEmployee.app */,
			);
			name = Products;
			sourceTree = "<group>";
		};
		186EC30D28FFF1CC0038D467 /* SQLiteEmployee */ = {
			isa = PBXGroup;
			children = (
				186EC30E28FFF1CC0038D467 /* AppDelegate.swift */,
				186EC31028FFF1CC0038D467 /* SceneDelegate.swift */,
				186EC31228FFF1CC0038D467 /* ViewController.swift */,
				186EC31428FFF1CC0038D467 /* Main.storyboard */,
				186EC32728FFF3320038D467 /* Employeedb.sqlite */,
				186EC32528FFF3230038D467 /* SQLiteWrapper.swift */,
				186EC31A28FFF1D00038D467 /* Assets.xcassets */,
				186EC31C28FFF1D00038D467 /* LaunchScreen.storyboard */,
				186EC31F28FFF1D00038D467 /* Info.plist */,
				186EC31728FFF1CC0038D467 /* SQLiteEmployee.xcdatamodeld */,
			);
			path = SQLiteEmployee;
			sourceTree = "<group>";
		};
/* End PBXGroup section */

/* Begin PBXNativeTarget section */
		186EC30A28FFF1CC0038D467 /* SQLiteEmployee */ = {
			isa = PBXNativeTarget;
			buildConfigurationList = 186EC32228FFF1D00038D467 /* Build configuration list for PBXNativeTarget "SQLiteEmployee" */;
			buildPhases = (
				186EC30728FFF1CC0038D467 /* Sources */,
				186EC30828FFF1CC0038D467 /* Frameworks */,
				186EC30928FFF1CC0038D467 /* Resources */,
			);
			buildRules = (
			);
			dependencies = (
			);
			name = SQLiteEmployee;
			productName = SQLiteEmployee;
			productReference = 186EC30B28FFF1CC0038D467 /* SQLiteEmployee.app */;
			productType = "com.apple.product-type.application";
		};
/* End PBXNativeTarget section */

/* Begin PBXProject section */
		186EC30328FFF1CC0038D467 /* Project object */ = {
			isa = PBXProject;
			attributes = {
				BuildIndependentTargetsInParallel = 1;
				LastSwiftUpdateCheck = 1300;
				LastUpgradeCheck = 1300;
				TargetAttributes = {
					186EC30A28FFF1CC0038D467 = {
						CreatedOnToolsVersion = 13.0;
					};
				};
			};
			buildConfigurationList = 186EC30628FFF1CC0038D467 /* Build configuration list for PBXProject "SQLiteEmployee" */;
			compatibilityVersion = "Xcode 13.0";
			developmentRegion = en;
			hasScannedForEncodings = 0;
			knownRegions = (
				en,
				Base,
			);
			mainGroup = 186EC30228FFF1CC0038D467;
			productRefGroup = 186EC30C28FFF1CC0038D467 /* Products */;
			projectDirPath = "";
			projectRoot = "";
			targets = (
				186EC30A28FFF1CC0038D467 /* SQLiteEmployee */,
			);
		};
/* End PBXProject section */

/* Begin PBXResourcesBuildPhase section */
		186EC30928FFF1CC0038D467 /* Resources */ = {
			isa = PBXResourcesBuildPhase;
			buildActionMask = 2147483647;
			files = (
				186EC31E28FFF1D00038D467 /* LaunchScreen.storyboard in Resources */,
				186EC31B28FFF1D00038D467 /* Assets.xcassets in Resources */,
				186EC31628FFF1CC0038D467 /* Main.storyboard in Resources */,
				186EC32828FFF3320038D467 /* Employeedb.sqlite in Resources */,
			);
			runOnlyForDeploymentPostprocessing = 0;
		};
/* End PBXResourcesBuildPhase section */

/* Begin PBXSourcesBuildPhase section */
		186EC30728FFF1CC0038D467 /* Sources */ = {
			isa = PBXSourcesBuildPhase;
			buildActionMask = 2147483647;
			files = (
				186EC31328FFF1CC0038D467 /* ViewController.swift in Sources */,
				186EC31928FFF1CC0038D467 /* SQLiteEmployee.xcdatamodeld in Sources */,
				186EC30F28FFF1CC0038D467 /* AppDelegate.swift in Sources */,
				186EC32628FFF3230038D467 /* SQLiteWrapper.swift in Sources */,
				186EC31128FFF1CC0038D467 /* SceneDelegate.swift in Sources */,
			);
			runOnlyForDeploymentPostprocessing = 0;
		};
/* End PBXSourcesBuildPhase section */

/* Begin PBXVariantGroup section */
		186EC31428FFF1CC0038D467 /* Main.storyboard */ = {
			isa = PBXVariantGroup;
			children = (
				186EC31528FFF1CC0038D467 /* Base */,
			);
			name = Main.storyboard;
			sourceTree = "<group>";
		};
		186EC31C28FFF1D00038D467 /* LaunchScreen.storyboard */ = {
			isa = PBXVariantGroup;
			children = (
				186EC31D28FFF1D00038D467 /* Base */,
			);
			name = LaunchScreen.storyboard;
			sourceTree = "<group>";
		};
/* End PBXVariantGroup section */

/* Begin XCBuildConfiguration section */
		186EC32028FFF1D00038D467 /* Debug */ = {
			isa = XCBuildConfiguration;
			buildSettings = {
				ALWAYS_SEARCH_USER_PATHS = NO;
				CLANG_ANALYZER_NONNULL = YES;
				CLANG_ANALYZER_NUMBER_OBJECT_CONVERSION = YES_AGGRESSIVE;
				CLANG_CXX_LANGUAGE_STANDARD = "gnu++17";
				CLANG_CXX_LIBRARY = "libc++";
				CLANG_ENABLE_MODULES = YES;
				CLANG_ENABLE_OBJC_ARC = YES;
				CLANG_ENABLE_OBJC_WEAK = YES;
				CLANG_WARN_BLOCK_CAPTURE_AUTORELEASING = YES;
				CLANG_WARN_BOOL_CONVERSION = YES;
				CLANG_WARN_COMMA = YES;
				CLANG_WARN_CONSTANT_CONVERSION = YES;
				CLANG_WARN_DEPRECATED_OBJC_IMPLEMENTATIONS = YES;
				CLANG_WARN_DIRECT_OBJC_ISA_USAGE = YES_ERROR;
				CLANG_WARN_DOCUMENTATION_COMMENTS = YES;
				CLANG_WARN_EMPTY_BODY = YES;
				CLANG_WARN_ENUM_CONVERSION = YES;
				CLANG_WARN_INFINITE_RECURSION = YES;
				CLANG_WARN_INT_CONVERSION = YES;
				CLANG_WARN_NON_LITERAL_NULL_CONVERSION = YES;
				CLANG_WARN_OBJC_IMPLICIT_RETAIN_SELF = YES;
				CLANG_WARN_OBJC_LITERAL_CONVERSION = YES;
				CLANG_WARN_OBJC_ROOT_CLASS = YES_ERROR;
				CLANG_WARN_QUOTED_INCLUDE_IN_FRAMEWORK_HEADER = YES;
				CLANG_WARN_RANGE_LOOP_ANALYSIS = YES;
				CLANG_WARN_STRICT_PROTOTYPES = YES;
				CLANG_WARN_SUSPICIOUS_MOVE = YES;
				CLANG_WARN_UNGUARDED_AVAILABILITY = YES_AGGRESSIVE;
				CLANG_WARN_UNREACHABLE_CODE = YES;
				CLANG_WARN__DUPLICATE_METHOD_MATCH = YES;
				COPY_PHASE_STRIP = NO;
				DEBUG_INFORMATION_FORMAT = dwarf;
				ENABLE_STRICT_OBJC_MSGSEND = YES;
				ENABLE_TESTABILITY = YES;
				GCC_C_LANGUAGE_STANDARD = gnu11;
				GCC_DYNAMIC_NO_PIC = NO;
				GCC_NO_COMMON_BLOCKS = YES;
				GCC_OPTIMIZATION_LEVEL = 0;
				GCC_PREPROCESSOR_DEFINITIONS = (
					"DEBUG=1",
					"$(inherited)",
				);
				GCC_WARN_64_TO_32_BIT_CONVERSION = YES;
				GCC_WARN_ABOUT_RETURN_TYPE = YES_ERROR;
				GCC_WARN_UNDECLARED_SELECTOR = YES;
				GCC_WARN_UNINITIALIZED_AUTOS = YES_AGGRESSIVE;
				GCC_WARN_UNUSED_FUNCTION = YES;
				GCC_WARN_UNUSED_VARIABLE = YES;
				IPHONEOS_DEPLOYMENT_TARGET = 15.0;
				MTL_ENABLE_DEBUG_INFO = INCLUDE_SOURCE;
				MTL_FAST_MATH = YES;
				ONLY_ACTIVE_ARCH = YES;
				SDKROOT = iphoneos;
				SWIFT_ACTIVE_COMPILATION_CONDITIONS = DEBUG;
				SWIFT_OPTIMIZATION_LEVEL = "-Onone";
			};
			name = Debug;
		};
		186EC32128FFF1D00038D467 /* Release */ = {
			isa = XCBuildConfiguration;
			buildSettings = {
				ALWAYS_SEARCH_USER_PATHS = NO;
				CLANG_ANALYZER_NONNULL = YES;
				CLANG_ANALYZER_NUMBER_OBJECT_CONVERSION = YES_AGGRESSIVE;
				CLANG_CXX_LANGUAGE_STANDARD = "gnu++17";
				CLANG_CXX_LIBRARY = "libc++";
				CLANG_ENABLE_MODULES = YES;
				CLANG_ENABLE_OBJC_ARC = YES;
				CLANG_ENABLE_OBJC_WEAK = YES;
				CLANG_WARN_BLOCK_CAPTURE_AUTORELEASING = YES;
				CLANG_WARN_BOOL_CONVERSION = YES;
				CLANG_WARN_COMMA = YES;
				CLANG_WARN_CONSTANT_CONVERSION = YES;
				CLANG_WARN_DEPRECATED_OBJC_IMPLEMENTATIONS = YES;
				CLANG_WARN_DIRECT_OBJC_ISA_USAGE = YES_ERROR;
				CLANG_WARN_DOCUMENTATION_COMMENTS = YES;
				CLANG_WARN_EMPTY_BODY = YES;
				CLANG_WARN_ENUM_CONVERSION = YES;
				CLANG_WARN_INFINITE_RECURSION = YES;
				CLANG_WARN_INT_CONVERSION = YES;
				CLANG_WARN_NON_LITERAL_NULL_CONVERSION = YES;
				CLANG_WARN_OBJC_IMPLICIT_RETAIN_SELF = YES;
				CLANG_WARN_OBJC_LITERAL_CONVERSION = YES;
				CLANG_WARN_OBJC_ROOT_CLASS = YES_ERROR;
				CLANG_WARN_QUOTED_INCLUDE_IN_FRAMEWORK_HEADER = YES;
				CLANG_WARN_RANGE_LOOP_ANALYSIS = YES;
				CLANG_WARN_STRICT_PROTOTYPES = YES;
				CLANG_WARN_SUSPICIOUS_MOVE = YES;
				CLANG_WARN_UNGUARDED_AVAILABILITY = YES_AGGRESSIVE;
				CLANG_WARN_UNREACHABLE_CODE = YES;
				CLANG_WARN__DUPLICATE_METHOD_MATCH = YES;
				COPY_PHASE_STRIP = NO;
				DEBUG_INFORMATION_FORMAT = "dwarf-with-dsym";
				ENABLE_NS_ASSERTIONS = NO;
				ENABLE_STRICT_OBJC_MSGSEND = YES;
				GCC_C_LANGUAGE_STANDARD = gnu11;
				GCC_NO_COMMON_BLOCKS = YES;
				GCC_WARN_64_TO_32_BIT_CONVERSION = YES;
				GCC_WARN_ABOUT_RETURN_TYPE = YES_ERROR;
				GCC_WARN_UNDECLARED_SELECTOR = YES;
				GCC_WARN_UNINITIALIZED_AUTOS = YES_AGGRESSIVE;
				GCC_WARN_UNUSED_FUNCTION = YES;
				GCC_WARN_UNUSED_VARIABLE = YES;
				IPHONEOS_DEPLOYMENT_TARGET = 15.0;
				MTL_ENABLE_DEBUG_INFO = NO;
				MTL_FAST_MATH = YES;
				SDKROOT = iphoneos;
				SWIFT_COMPILATION_MODE = wholemodule;
				SWIFT_OPTIMIZATION_LEVEL = "-O";
				VALIDATE_PRODUCT = YES;
			};
			name = Release;
		};
		186EC32328FFF1D00038D467 /* Debug */ = {
			isa = XCBuildConfiguration;
			buildSettings = {
				ASSETCATALOG_COMPILER_APPICON_NAME = AppIcon;
				ASSETCATALOG_COMPILER_GLOBAL_ACCENT_COLOR_NAME = AccentColor;
				CODE_SIGN_STYLE = Automatic;
				CURRENT_PROJECT_VERSION = 1;
				GENERATE_INFOPLIST_FILE = YES;
				INFOPLIST_FILE = SQLiteEmployee/Info.plist;
				INFOPLIST_KEY_UIApplicationSupportsIndirectInputEvents = YES;
				INFOPLIST_KEY_UILaunchStoryboardName = LaunchScreen;
				INFOPLIST_KEY_UIMainStoryboardFile = Main;
				INFOPLIST_KEY_UISupportedInterfaceOrientations_iPad = "UIInterfaceOrientationPortrait UIInterfaceOrientationPortraitUpsideDown UIInterfaceOrientationLandscapeLeft UIInterfaceOrientationLandscapeRight";
				INFOPLIST_KEY_UISupportedInterfaceOrientations_iPhone = "UIInterfaceOrientationPortrait UIInterfaceOrientationLandscapeLeft UIInterfaceOrientationLandscapeRight";
				LD_RUNPATH_SEARCH_PATHS = (
					"$(inherited)",
					"@executable_path/Frameworks",
				);
				MARKETING_VERSION = 1.0;
				PRODUCT_BUNDLE_IDENTIFIER = "Code-better.SQLiteEmployee";
				PRODUCT_NAME = "$(TARGET_NAME)";
				SWIFT_EMIT_LOC_STRINGS = YES;
				SWIFT_VERSION = 5.0;
				TARGETED_DEVICE_FAMILY = "1,2";
			};
			name = Debug;
		};
		186EC32428FFF1D00038D467 /* Release */ = {
			isa = XCBuildConfiguration;
			buildSettings = {
				ASSETCATALOG_COMPILER_APPICON_NAME = AppIcon;
				ASSETCATALOG_COMPILER_GLOBAL_ACCENT_COLOR_NAME = AccentColor;
				CODE_SIGN_STYLE = Automatic;
				CURRENT_PROJECT_VERSION = 1;
				GENERATE_INFOPLIST_FILE = YES;
				INFOPLIST_FILE = SQLiteEmployee/Info.plist;
				INFOPLIST_KEY_UIApplicationSupportsIndirectInputEvents = YES;
				INFOPLIST_KEY_UILaunchStoryboardName = LaunchScreen;
				INFOPLIST_KEY_UIMainStoryboardFile = Main;
				INFOPLIST_KEY_UISupportedInterfaceOrientations_iPad = "UIInterfaceOrientationPortrait UIInterfaceOrientationPortraitUpsideDown UIInterfaceOrientationLandscapeLeft UIInterfaceOrientationLandscapeRight";
				INFOPLIST_KEY_UISupportedInterfaceOrientations_iPhone = "UIInterfaceOrientationPortrait UIInterfaceOrientationLandscapeLeft UIInterfaceOrientationLandscapeRight";
				LD_RUNPATH_SEARCH_PATHS = (
					"$(inherited)",
					"@executable_path/Frameworks",
				);
				MARKETING_VERSION = 1.0;
				PRODUCT_BUNDLE_IDENTIFIER = "Code-better.SQLiteEmployee";
				PRODUCT_NAME = "$(TARGET_NAME)";
				SWIFT_EMIT_LOC_STRINGS = YES;
				SWIFT_VERSION = 5.0;
				TARGETED_DEVICE_FAMILY = "1,2";
			};
			name = Release;
		};
/* End XCBuildConfiguration section */

/* Begin XCConfigurationList section */
		186EC30628FFF1CC0038D467 /* Build configuration list for PBXProject "SQLiteEmployee" */ = {
			isa = XCConfigurationList;
			buildConfigurations = (
				186EC32028FFF1D00038D467 /* Debug */,
				186EC32128FFF1D00038D467 /* Release */,
			);
			defaultConfigurationIsVisible = 0;
			defaultConfigurationName = Release;
		};
		186EC32228FFF1D00038D467 /* Build configuration list for PBXNativeTarget "SQLiteEmployee" */ = {
			isa = XCConfigurationList;
			buildConfigurations = (
				186EC32328FFF1D00038D467 /* Debug */,
				186EC32428FFF1D00038D467 /* Release */,
			);
			defaultConfigurationIsVisible = 0;
			defaultConfigurationName = Release;
		};
/* End XCConfigurationList section */

/* Begin XCVersionGroup section */
		186EC31728FFF1CC0038D467 /* SQLiteEmployee.xcdatamodeld */ = {
			isa = XCVersionGroup;
			children = (
				186EC31828FFF1CC0038D467 /* SQLiteEmployee.xcdatamodel */,
			);
			currentVersion = 186EC31828FFF1CC0038D467 /* SQLiteEmployee.xcdatamodel */;
			path = SQLiteEmployee.xcdatamodeld;
			sourceTree = "<group>";
			versionGroupType = wrapper.xcdatamodel;
		};
/* End XCVersionGroup section */
	};
	rootObject = 186EC30328FFF1CC0038D467 /* Project object */;
}
