// !$*UTF8*$!
{
	archiveVersion = 1;
	classes = {
	};
	objectVersion = 55;
	objects = {

/* Begin PBXBuildFile section */
		185FBBF728E55DAB0057BCC2 /* AppDelegate.swift in Sources */ = {isa = PBXBuildFile; fileRef = 185FBBF628E55DAB0057BCC2 /* AppDelegate.swift */; };
		185FBBF928E55DAB0057BCC2 /* SceneDelegate.swift in Sources */ = {isa = PBXBuildFile; fileRef = 185FBBF828E55DAB0057BCC2 /* SceneDelegate.swift */; };
		185FBBFB28E55DAB0057BCC2 /* ViewController.swift in Sources */ = {isa = PBXBuildFile; fileRef = 185FBBFA28E55DAB0057BCC2 /* ViewController.swift */; };
		185FBBFE28E55DAB0057BCC2 /* Main.storyboard in Resources */ = {isa = PBXBuildFile; fileRef = 185FBBFC28E55DAB0057BCC2 /* Main.storyboard */; };
		185FBC0128E55DAB0057BCC2 /* busCustomCell.xcdatamodeld in Sources */ = {isa = PBXBuildFile; fileRef = 185FBBFF28E55DAB0057BCC2 /* busCustomCell.xcdatamodeld */; };
		185FBC0328E55DB20057BCC2 /* Assets.xcassets in Resources */ = {isa = PBXBuildFile; fileRef = 185FBC0228E55DB20057BCC2 /* Assets.xcassets */; };
		185FBC0628E55DB20057BCC2 /* LaunchScreen.storyboard in Resources */ = {isa = PBXBuildFile; fileRef = 185FBC0428E55DB20057BCC2 /* LaunchScreen.storyboard */; };
		185FBC0F28E55F360057BCC2 /* TaxiInfoCell.swift in Sources */ = {isa = PBXBuildFile; fileRef = 185FBC0D28E55F360057BCC2 /* TaxiInfoCell.swift */; };
		185FBC1028E55F360057BCC2 /* TaxiInfoCell.xib in Resources */ = {isa = PBXBuildFile; fileRef = 185FBC0E28E55F360057BCC2 /* TaxiInfoCell.xib */; };
		185FBC1228E560270057BCC2 /* TaxiInfo.swift in Sources */ = {isa = PBXBuildFile; fileRef = 185FBC1128E560270057BCC2 /* TaxiInfo.swift */; };
		185FBC1A28E5AF960057BCC2 /* BookSeatViewController.swift in Sources */ = {isa = PBXBuildFile; fileRef = 185FBC1928E5AF950057BCC2 /* BookSeatViewController.swift */; };
/* End PBXBuildFile section */

/* Begin PBXFileReference section */
		185FBBF328E55DAB0057BCC2 /* busCustomCell.app */ = {isa = PBXFileReference; explicitFileType = wrapper.application; includeInIndex = 0; path = busCustomCell.app; sourceTree = BUILT_PRODUCTS_DIR; };
		185FBBF628E55DAB0057BCC2 /* AppDelegate.swift */ = {isa = PBXFileReference; lastKnownFileType = sourcecode.swift; path = AppDelegate.swift; sourceTree = "<group>"; };
		185FBBF828E55DAB0057BCC2 /* SceneDelegate.swift */ = {isa = PBXFileReference; lastKnownFileType = sourcecode.swift; path = SceneDelegate.swift; sourceTree = "<group>"; };
		185FBBFA28E55DAB0057BCC2 /* ViewController.swift */ = {isa = PBXFileReference; lastKnownFileType = sourcecode.swift; path = ViewController.swift; sourceTree = "<group>"; };
		185FBBFD28E55DAB0057BCC2 /* Base */ = {isa = PBXFileReference; lastKnownFileType = file.storyboard; name = Base; path = Base.lproj/Main.storyboard; sourceTree = "<group>"; };
		185FBC0028E55DAB0057BCC2 /* busCustomCell.xcdatamodel */ = {isa = PBXFileReference; lastKnownFileType = wrapper.xcdatamodel; path = busCustomCell.xcdatamodel; sourceTree = "<group>"; };
		185FBC0228E55DB20057BCC2 /* Assets.xcassets */ = {isa = PBXFileReference; lastKnownFileType = folder.assetcatalog; path = Assets.xcassets; sourceTree = "<group>"; };
		185FBC0528E55DB20057BCC2 /* Base */ = {isa = PBXFileReference; lastKnownFileType = file.storyboard; name = Base; path = Base.lproj/LaunchScreen.storyboard; sourceTree = "<group>"; };
		185FBC0728E55DB20057BCC2 /* Info.plist */ = {isa = PBXFileReference; lastKnownFileType = text.plist.xml; path = Info.plist; sourceTree = "<group>"; };
		185FBC0D28E55F360057BCC2 /* TaxiInfoCell.swift */ = {isa = PBXFileReference; lastKnownFileType = sourcecode.swift; path = TaxiInfoCell.swift; sourceTree = "<group>"; };
		185FBC0E28E55F360057BCC2 /* TaxiInfoCell.xib */ = {isa = PBXFileReference; lastKnownFileType = file.xib; path = TaxiInfoCell.xib; sourceTree = "<group>"; };
		185FBC1128E560270057BCC2 /* TaxiInfo.swift */ = {isa = PBXFileReference; lastKnownFileType = sourcecode.swift; path = TaxiInfo.swift; sourceTree = "<group>"; };
		185FBC1928E5AF950057BCC2 /* BookSeatViewController.swift */ = {isa = PBXFileReference; lastKnownFileType = sourcecode.swift; path = BookSeatViewController.swift; sourceTree = "<group>"; };
/* End PBXFileReference section */

/* Begin PBXFrameworksBuildPhase section */
		185FBBF028E55DAB0057BCC2 /* Frameworks */ = {
			isa = PBXFrameworksBuildPhase;
			buildActionMask = 2147483647;
			files = (
			);
			runOnlyForDeploymentPostprocessing = 0;
		};
/* End PBXFrameworksBuildPhase section */

/* Begin PBXGroup section */
		185FBBEA28E55DAB0057BCC2 = {
			isa = PBXGroup;
			children = (
				185FBBF528E55DAB0057BCC2 /* busCustomCell */,
				185FBBF428E55DAB0057BCC2 /* Products */,
			);
			sourceTree = "<group>";
		};
		185FBBF428E55DAB0057BCC2 /* Products */ = {
			isa = PBXGroup;
			children = (
				185FBBF328E55DAB0057BCC2 /* busCustomCell.app */,
			);
			name = Products;
			sourceTree = "<group>";
		};
		185FBBF528E55DAB0057BCC2 /* busCustomCell */ = {
			isa = PBXGroup;
			children = (
				185FBBF628E55DAB0057BCC2 /* AppDelegate.swift */,
				185FBBF828E55DAB0057BCC2 /* SceneDelegate.swift */,
				185FBBFA28E55DAB0057BCC2 /* ViewController.swift */,
				185FBC1928E5AF950057BCC2 /* BookSeatViewController.swift */,
				185FBBFC28E55DAB0057BCC2 /* Main.storyboard */,
				185FBC0228E55DB20057BCC2 /* Assets.xcassets */,
				185FBC0428E55DB20057BCC2 /* LaunchScreen.storyboard */,
				185FBC0728E55DB20057BCC2 /* Info.plist */,
				185FBBFF28E55DAB0057BCC2 /* busCustomCell.xcdatamodeld */,
				185FBC0D28E55F360057BCC2 /* TaxiInfoCell.swift */,
				185FBC0E28E55F360057BCC2 /* TaxiInfoCell.xib */,
				185FBC1128E560270057BCC2 /* TaxiInfo.swift */,
			);
			path = busCustomCell;
			sourceTree = "<group>";
		};
/* End PBXGroup section */

/* Begin PBXNativeTarget section */
		185FBBF228E55DAB0057BCC2 /* busCustomCell */ = {
			isa = PBXNativeTarget;
			buildConfigurationList = 185FBC0A28E55DB20057BCC2 /* Build configuration list for PBXNativeTarget "busCustomCell" */;
			buildPhases = (
				185FBBEF28E55DAB0057BCC2 /* Sources */,
				185FBBF028E55DAB0057BCC2 /* Frameworks */,
				185FBBF128E55DAB0057BCC2 /* Resources */,
			);
			buildRules = (
			);
			dependencies = (
			);
			name = busCustomCell;
			productName = busCustomCell;
			productReference = 185FBBF328E55DAB0057BCC2 /* busCustomCell.app */;
			productType = "com.apple.product-type.application";
		};
/* End PBXNativeTarget section */

/* Begin PBXProject section */
		185FBBEB28E55DAB0057BCC2 /* Project object */ = {
			isa = PBXProject;
			attributes = {
				BuildIndependentTargetsInParallel = 1;
				LastSwiftUpdateCheck = 1300;
				LastUpgradeCheck = 1300;
				TargetAttributes = {
					185FBBF228E55DAB0057BCC2 = {
						CreatedOnToolsVersion = 13.0;
					};
				};
			};
			buildConfigurationList = 185FBBEE28E55DAB0057BCC2 /* Build configuration list for PBXProject "busCustomCell" */;
			compatibilityVersion = "Xcode 13.0";
			developmentRegion = en;
			hasScannedForEncodings = 0;
			knownRegions = (
				en,
				Base,
			);
			mainGroup = 185FBBEA28E55DAB0057BCC2;
			productRefGroup = 185FBBF428E55DAB0057BCC2 /* Products */;
			projectDirPath = "";
			projectRoot = "";
			targets = (
				185FBBF228E55DAB0057BCC2 /* busCustomCell */,
			);
		};
/* End PBXProject section */

/* Begin PBXResourcesBuildPhase section */
		185FBBF128E55DAB0057BCC2 /* Resources */ = {
			isa = PBXResourcesBuildPhase;
			buildActionMask = 2147483647;
			files = (
				185FBC0628E55DB20057BCC2 /* LaunchScreen.storyboard in Resources */,
				185FBC0328E55DB20057BCC2 /* Assets.xcassets in Resources */,
				185FBBFE28E55DAB0057BCC2 /* Main.storyboard in Resources */,
				185FBC1028E55F360057BCC2 /* TaxiInfoCell.xib in Resources */,
			);
			runOnlyForDeploymentPostprocessing = 0;
		};
/* End PBXResourcesBuildPhase section */

/* Begin PBXSourcesBuildPhase section */
		185FBBEF28E55DAB0057BCC2 /* Sources */ = {
			isa = PBXSourcesBuildPhase;
			buildActionMask = 2147483647;
			files = (
				185FBBFB28E55DAB0057BCC2 /* ViewController.swift in Sources */,
				185FBC0F28E55F360057BCC2 /* TaxiInfoCell.swift in Sources */,
				185FBBF728E55DAB0057BCC2 /* AppDelegate.swift in Sources */,
				185FBC1A28E5AF960057BCC2 /* BookSeatViewController.swift in Sources */,
				185FBC1228E560270057BCC2 /* TaxiInfo.swift in Sources */,
				185FBBF928E55DAB0057BCC2 /* SceneDelegate.swift in Sources */,
				185FBC0128E55DAB0057BCC2 /* busCustomCell.xcdatamodeld in Sources */,
			);
			runOnlyForDeploymentPostprocessing = 0;
		};
/* End PBXSourcesBuildPhase section */

/* Begin PBXVariantGroup section */
		185FBBFC28E55DAB0057BCC2 /* Main.storyboard */ = {
			isa = PBXVariantGroup;
			children = (
				185FBBFD28E55DAB0057BCC2 /* Base */,
			);
			name = Main.storyboard;
			sourceTree = "<group>";
		};
		185FBC0428E55DB20057BCC2 /* LaunchScreen.storyboard */ = {
			isa = PBXVariantGroup;
			children = (
				185FBC0528E55DB20057BCC2 /* Base */,
			);
			name = LaunchScreen.storyboard;
			sourceTree = "<group>";
		};
/* End PBXVariantGroup section */

/* Begin XCBuildConfiguration section */
		185FBC0828E55DB20057BCC2 /* Debug */ = {
			isa = XCBuildConfiguration;
			buildSettings = {
				ALWAYS_SEARCH_USER_PATHS = NO;
				CLANG_ANALYZER_NONNULL = YES;
				CLANG_ANALYZER_NUMBER_OBJECT_CONVERSION = YES_AGGRESSIVE;
				CLANG_CXX_LANGUAGE_STANDARD = "gnu++17";
				CLANG_CXX_LIBRARY = "libc++";
				CLANG_ENABLE_MODULES = YES;
				CLANG_ENABLE_OBJC_ARC = YES;
				CLANG_ENABLE_OBJC_WEAK = YES;
				CLANG_WARN_BLOCK_CAPTURE_AUTORELEASING = YES;
				CLANG_WARN_BOOL_CONVERSION = YES;
				CLANG_WARN_COMMA = YES;
				CLANG_WARN_CONSTANT_CONVERSION = YES;
				CLANG_WARN_DEPRECATED_OBJC_IMPLEMENTATIONS = YES;
				CLANG_WARN_DIRECT_OBJC_ISA_USAGE = YES_ERROR;
				CLANG_WARN_DOCUMENTATION_COMMENTS = YES;
				CLANG_WARN_EMPTY_BODY = YES;
				CLANG_WARN_ENUM_CONVERSION = YES;
				CLANG_WARN_INFINITE_RECURSION = YES;
				CLANG_WARN_INT_CONVERSION = YES;
				CLANG_WARN_NON_LITERAL_NULL_CONVERSION = YES;
				CLANG_WARN_OBJC_IMPLICIT_RETAIN_SELF = YES;
				CLANG_WARN_OBJC_LITERAL_CONVERSION = YES;
				CLANG_WARN_OBJC_ROOT_CLASS = YES_ERROR;
				CLANG_WARN_QUOTED_INCLUDE_IN_FRAMEWORK_HEADER = YES;
				CLANG_WARN_RANGE_LOOP_ANALYSIS = YES;
				CLANG_WARN_STRICT_PROTOTYPES = YES;
				CLANG_WARN_SUSPICIOUS_MOVE = YES;
				CLANG_WARN_UNGUARDED_AVAILABILITY = YES_AGGRESSIVE;
				CLANG_WARN_UNREACHABLE_CODE = YES;
				CLANG_WARN__DUPLICATE_METHOD_MATCH = YES;
				COPY_PHASE_STRIP = NO;
				DEBUG_INFORMATION_FORMAT = dwarf;
				ENABLE_STRICT_OBJC_MSGSEND = YES;
				ENABLE_TESTABILITY = YES;
				GCC_C_LANGUAGE_STANDARD = gnu11;
				GCC_DYNAMIC_NO_PIC = NO;
				GCC_NO_COMMON_BLOCKS = YES;
				GCC_OPTIMIZATION_LEVEL = 0;
				GCC_PREPROCESSOR_DEFINITIONS = (
					"DEBUG=1",
					"$(inherited)",
				);
				GCC_WARN_64_TO_32_BIT_CONVERSION = YES;
				GCC_WARN_ABOUT_RETURN_TYPE = YES_ERROR;
				GCC_WARN_UNDECLARED_SELECTOR = YES;
				GCC_WARN_UNINITIALIZED_AUTOS = YES_AGGRESSIVE;
				GCC_WARN_UNUSED_FUNCTION = YES;
				GCC_WARN_UNUSED_VARIABLE = YES;
				IPHONEOS_DEPLOYMENT_TARGET = 15.0;
				MTL_ENABLE_DEBUG_INFO = INCLUDE_SOURCE;
				MTL_FAST_MATH = YES;
				ONLY_ACTIVE_ARCH = YES;
				SDKROOT = iphoneos;
				SWIFT_ACTIVE_COMPILATION_CONDITIONS = DEBUG;
				SWIFT_OPTIMIZATION_LEVEL = "-Onone";
			};
			name = Debug;
		};
		185FBC0928E55DB20057BCC2 /* Release */ = {
			isa = XCBuildConfiguration;
			buildSettings = {
				ALWAYS_SEARCH_USER_PATHS = NO;
				CLANG_ANALYZER_NONNULL = YES;
				CLANG_ANALYZER_NUMBER_OBJECT_CONVERSION = YES_AGGRESSIVE;
				CLANG_CXX_LANGUAGE_STANDARD = "gnu++17";
				CLANG_CXX_LIBRARY = "libc++";
				CLANG_ENABLE_MODULES = YES;
				CLANG_ENABLE_OBJC_ARC = YES;
				CLANG_ENABLE_OBJC_WEAK = YES;
				CLANG_WARN_BLOCK_CAPTURE_AUTORELEASING = YES;
				CLANG_WARN_BOOL_CONVERSION = YES;
				CLANG_WARN_COMMA = YES;
				CLANG_WARN_CONSTANT_CONVERSION = YES;
				CLANG_WARN_DEPRECATED_OBJC_IMPLEMENTATIONS = YES;
				CLANG_WARN_DIRECT_OBJC_ISA_USAGE = YES_ERROR;
				CLANG_WARN_DOCUMENTATION_COMMENTS = YES;
				CLANG_WARN_EMPTY_BODY = YES;
				CLANG_WARN_ENUM_CONVERSION = YES;
				CLANG_WARN_INFINITE_RECURSION = YES;
				CLANG_WARN_INT_CONVERSION = YES;
				CLANG_WARN_NON_LITERAL_NULL_CONVERSION = YES;
				CLANG_WARN_OBJC_IMPLICIT_RETAIN_SELF = YES;
				CLANG_WARN_OBJC_LITERAL_CONVERSION = YES;
				CLANG_WARN_OBJC_ROOT_CLASS = YES_ERROR;
				CLANG_WARN_QUOTED_INCLUDE_IN_FRAMEWORK_HEADER = YES;
				CLANG_WARN_RANGE_LOOP_ANALYSIS = YES;
				CLANG_WARN_STRICT_PROTOTYPES = YES;
				CLANG_WARN_SUSPICIOUS_MOVE = YES;
				CLANG_WARN_UNGUARDED_AVAILABILITY = YES_AGGRESSIVE;
				CLANG_WARN_UNREACHABLE_CODE = YES;
				CLANG_WARN__DUPLICATE_METHOD_MATCH = YES;
				COPY_PHASE_STRIP = NO;
				DEBUG_INFORMATION_FORMAT = "dwarf-with-dsym";
				ENABLE_NS_ASSERTIONS = NO;
				ENABLE_STRICT_OBJC_MSGSEND = YES;
				GCC_C_LANGUAGE_STANDARD = gnu11;
				GCC_NO_COMMON_BLOCKS = YES;
				GCC_WARN_64_TO_32_BIT_CONVERSION = YES;
				GCC_WARN_ABOUT_RETURN_TYPE = YES_ERROR;
				GCC_WARN_UNDECLARED_SELECTOR = YES;
				GCC_WARN_UNINITIALIZED_AUTOS = YES_AGGRESSIVE;
				GCC_WARN_UNUSED_FUNCTION = YES;
				GCC_WARN_UNUSED_VARIABLE = YES;
				IPHONEOS_DEPLOYMENT_TARGET = 15.0;
				MTL_ENABLE_DEBUG_INFO = NO;
				MTL_FAST_MATH = YES;
				SDKROOT = iphoneos;
				SWIFT_COMPILATION_MODE = wholemodule;
				SWIFT_OPTIMIZATION_LEVEL = "-O";
				VALIDATE_PRODUCT = YES;
			};
			name = Release;
		};
		185FBC0B28E55DB20057BCC2 /* Debug */ = {
			isa = XCBuildConfiguration;
			buildSettings = {
				ASSETCATALOG_COMPILER_APPICON_NAME = AppIcon;
				ASSETCATALOG_COMPILER_GLOBAL_ACCENT_COLOR_NAME = AccentColor;
				CODE_SIGN_STYLE = Automatic;
				CURRENT_PROJECT_VERSION = 1;
				GENERATE_INFOPLIST_FILE = YES;
				INFOPLIST_FILE = busCustomCell/Info.plist;
				INFOPLIST_KEY_UIApplicationSupportsIndirectInputEvents = YES;
				INFOPLIST_KEY_UILaunchStoryboardName = LaunchScreen;
				INFOPLIST_KEY_UIMainStoryboardFile = Main;
				INFOPLIST_KEY_UISupportedInterfaceOrientations_iPad = "UIInterfaceOrientationPortrait UIInterfaceOrientationPortraitUpsideDown UIInterfaceOrientationLandscapeLeft UIInterfaceOrientationLandscapeRight";
				INFOPLIST_KEY_UISupportedInterfaceOrientations_iPhone = "UIInterfaceOrientationPortrait UIInterfaceOrientationLandscapeLeft UIInterfaceOrientationLandscapeRight";
				LD_RUNPATH_SEARCH_PATHS = (
					"$(inherited)",
					"@executable_path/Frameworks",
				);
				MARKETING_VERSION = 1.0;
				PRODUCT_BUNDLE_IDENTIFIER = "Code-better.busCustomCell";
				PRODUCT_NAME = "$(TARGET_NAME)";
				SWIFT_EMIT_LOC_STRINGS = YES;
				SWIFT_VERSION = 5.0;
				TARGETED_DEVICE_FAMILY = "1,2";
			};
			name = Debug;
		};
		185FBC0C28E55DB20057BCC2 /* Release */ = {
			isa = XCBuildConfiguration;
			buildSettings = {
				ASSETCATALOG_COMPILER_APPICON_NAME = AppIcon;
				ASSETCATALOG_COMPILER_GLOBAL_ACCENT_COLOR_NAME = AccentColor;
				CODE_SIGN_STYLE = Automatic;
				CURRENT_PROJECT_VERSION = 1;
				GENERATE_INFOPLIST_FILE = YES;
				INFOPLIST_FILE = busCustomCell/Info.plist;
				INFOPLIST_KEY_UIApplicationSupportsIndirectInputEvents = YES;
				INFOPLIST_KEY_UILaunchStoryboardName = LaunchScreen;
				INFOPLIST_KEY_UIMainStoryboardFile = Main;
				INFOPLIST_KEY_UISupportedInterfaceOrientations_iPad = "UIInterfaceOrientationPortrait UIInterfaceOrientationPortraitUpsideDown UIInterfaceOrientationLandscapeLeft UIInterfaceOrientationLandscapeRight";
				INFOPLIST_KEY_UISupportedInterfaceOrientations_iPhone = "UIInterfaceOrientationPortrait UIInterfaceOrientationLandscapeLeft UIInterfaceOrientationLandscapeRight";
				LD_RUNPATH_SEARCH_PATHS = (
					"$(inherited)",
					"@executable_path/Frameworks",
				);
				MARKETING_VERSION = 1.0;
				PRODUCT_BUNDLE_IDENTIFIER = "Code-better.busCustomCell";
				PRODUCT_NAME = "$(TARGET_NAME)";
				SWIFT_EMIT_LOC_STRINGS = YES;
				SWIFT_VERSION = 5.0;
				TARGETED_DEVICE_FAMILY = "1,2";
			};
			name = Release;
		};
/* End XCBuildConfiguration section */

/* Begin XCConfigurationList section */
		185FBBEE28E55DAB0057BCC2 /* Build configuration list for PBXProject "busCustomCell" */ = {
			isa = XCConfigurationList;
			buildConfigurations = (
				185FBC0828E55DB20057BCC2 /* Debug */,
				185FBC0928E55DB20057BCC2 /* Release */,
			);
			defaultConfigurationIsVisible = 0;
			defaultConfigurationName = Release;
		};
		185FBC0A28E55DB20057BCC2 /* Build configuration list for PBXNativeTarget "busCustomCell" */ = {
			isa = XCConfigurationList;
			buildConfigurations = (
				185FBC0B28E55DB20057BCC2 /* Debug */,
				185FBC0C28E55DB20057BCC2 /* Release */,
			);
			defaultConfigurationIsVisible = 0;
			defaultConfigurationName = Release;
		};
/* End XCConfigurationList section */

/* Begin XCVersionGroup section */
		185FBBFF28E55DAB0057BCC2 /* busCustomCell.xcdatamodeld */ = {
			isa = XCVersionGroup;
			children = (
				185FBC0028E55DAB0057BCC2 /* busCustomCell.xcdatamodel */,
			);
			currentVersion = 185FBC0028E55DAB0057BCC2 /* busCustomCell.xcdatamodel */;
			path = busCustomCell.xcdatamodeld;
			sourceTree = "<group>";
			versionGroupType = wrapper.xcdatamodel;
		};
/* End XCVersionGroup section */
	};
	rootObject = 185FBBEB28E55DAB0057BCC2 /* Project object */;
}
