// !$*UTF8*$!
{
	archiveVersion = 1;
	classes = {
	};
	objectVersion = 55;
	objects = {

/* Begin PBXBuildFile section */
		18982F3C28D0573F0053E0AB /* AppDelegate.swift in Sources */ = {isa = PBXBuildFile; fileRef = 18982F3B28D0573F0053E0AB /* AppDelegate.swift */; };
		18982F3E28D0573F0053E0AB /* SceneDelegate.swift in Sources */ = {isa = PBXBuildFile; fileRef = 18982F3D28D0573F0053E0AB /* SceneDelegate.swift */; };
		18982F4028D0573F0053E0AB /* ViewController.swift in Sources */ = {isa = PBXBuildFile; fileRef = 18982F3F28D0573F0053E0AB /* ViewController.swift */; };
		18982F4328D0573F0053E0AB /* Main.storyboard in Resources */ = {isa = PBXBuildFile; fileRef = 18982F4128D0573F0053E0AB /* Main.storyboard */; };
		18982F4628D0573F0053E0AB /* ShapeCalculation.xcdatamodeld in Sources */ = {isa = PBXBuildFile; fileRef = 18982F4428D0573F0053E0AB /* ShapeCalculation.xcdatamodeld */; };
		18982F4828D057440053E0AB /* Assets.xcassets in Resources */ = {isa = PBXBuildFile; fileRef = 18982F4728D057440053E0AB /* Assets.xcassets */; };
		18982F4B28D057440053E0AB /* LaunchScreen.storyboard in Resources */ = {isa = PBXBuildFile; fileRef = 18982F4928D057440053E0AB /* LaunchScreen.storyboard */; };
		18982F5628D05A130053E0AB /* rectangle.png in Resources */ = {isa = PBXBuildFile; fileRef = 18982F5328D05A120053E0AB /* rectangle.png */; };
		18982F5728D05A130053E0AB /* square.png in Resources */ = {isa = PBXBuildFile; fileRef = 18982F5428D05A130053E0AB /* square.png */; };
		18982F5828D05A130053E0AB /* circle.png in Resources */ = {isa = PBXBuildFile; fileRef = 18982F5528D05A130053E0AB /* circle.png */; };
		18982F5A28D081BA0053E0AB /* default shape.jpeg in Resources */ = {isa = PBXBuildFile; fileRef = 18982F5928D081B90053E0AB /* default shape.jpeg */; };
/* End PBXBuildFile section */

/* Begin PBXFileReference section */
		18982F3828D0573F0053E0AB /* ShapeCalculation.app */ = {isa = PBXFileReference; explicitFileType = wrapper.application; includeInIndex = 0; path = ShapeCalculation.app; sourceTree = BUILT_PRODUCTS_DIR; };
		18982F3B28D0573F0053E0AB /* AppDelegate.swift */ = {isa = PBXFileReference; lastKnownFileType = sourcecode.swift; path = AppDelegate.swift; sourceTree = "<group>"; };
		18982F3D28D0573F0053E0AB /* SceneDelegate.swift */ = {isa = PBXFileReference; lastKnownFileType = sourcecode.swift; path = SceneDelegate.swift; sourceTree = "<group>"; };
		18982F3F28D0573F0053E0AB /* ViewController.swift */ = {isa = PBXFileReference; lastKnownFileType = sourcecode.swift; path = ViewController.swift; sourceTree = "<group>"; };
		18982F4228D0573F0053E0AB /* Base */ = {isa = PBXFileReference; lastKnownFileType = file.storyboard; name = Base; path = Base.lproj/Main.storyboard; sourceTree = "<group>"; };
		18982F4528D0573F0053E0AB /* ShapeCalculation.xcdatamodel */ = {isa = PBXFileReference; lastKnownFileType = wrapper.xcdatamodel; path = ShapeCalculation.xcdatamodel; sourceTree = "<group>"; };
		18982F4728D057440053E0AB /* Assets.xcassets */ = {isa = PBXFileReference; lastKnownFileType = folder.assetcatalog; path = Assets.xcassets; sourceTree = "<group>"; };
		18982F4A28D057440053E0AB /* Base */ = {isa = PBXFileReference; lastKnownFileType = file.storyboard; name = Base; path = Base.lproj/LaunchScreen.storyboard; sourceTree = "<group>"; };
		18982F4C28D057440053E0AB /* Info.plist */ = {isa = PBXFileReference; lastKnownFileType = text.plist.xml; path = Info.plist; sourceTree = "<group>"; };
		18982F5328D05A120053E0AB /* rectangle.png */ = {isa = PBXFileReference; lastKnownFileType = image.png; path = rectangle.png; sourceTree = "<group>"; };
		18982F5428D05A130053E0AB /* square.png */ = {isa = PBXFileReference; lastKnownFileType = image.png; path = square.png; sourceTree = "<group>"; };
		18982F5528D05A130053E0AB /* circle.png */ = {isa = PBXFileReference; lastKnownFileType = image.png; path = circle.png; sourceTree = "<group>"; };
		18982F5928D081B90053E0AB /* default shape.jpeg */ = {isa = PBXFileReference; lastKnownFileType = image.jpeg; path = "default shape.jpeg"; sourceTree = "<group>"; };
/* End PBXFileReference section */

/* Begin PBXFrameworksBuildPhase section */
		18982F3528D0573F0053E0AB /* Frameworks */ = {
			isa = PBXFrameworksBuildPhase;
			buildActionMask = 2147483647;
			files = (
			);
			runOnlyForDeploymentPostprocessing = 0;
		};
/* End PBXFrameworksBuildPhase section */

/* Begin PBXGroup section */
		18982F2F28D0573F0053E0AB = {
			isa = PBXGroup;
			children = (
				18982F3A28D0573F0053E0AB /* ShapeCalculation */,
				18982F3928D0573F0053E0AB /* Products */,
			);
			sourceTree = "<group>";
		};
		18982F3928D0573F0053E0AB /* Products */ = {
			isa = PBXGroup;
			children = (
				18982F3828D0573F0053E0AB /* ShapeCalculation.app */,
			);
			name = Products;
			sourceTree = "<group>";
		};
		18982F3A28D0573F0053E0AB /* ShapeCalculation */ = {
			isa = PBXGroup;
			children = (
				18982F5228D059BD0053E0AB /* New Group */,
				18982F3B28D0573F0053E0AB /* AppDelegate.swift */,
				18982F3D28D0573F0053E0AB /* SceneDelegate.swift */,
				18982F3F28D0573F0053E0AB /* ViewController.swift */,
				18982F4128D0573F0053E0AB /* Main.storyboard */,
				18982F4728D057440053E0AB /* Assets.xcassets */,
				18982F4928D057440053E0AB /* LaunchScreen.storyboard */,
				18982F4C28D057440053E0AB /* Info.plist */,
				18982F4428D0573F0053E0AB /* ShapeCalculation.xcdatamodeld */,
			);
			path = ShapeCalculation;
			sourceTree = "<group>";
		};
		18982F5228D059BD0053E0AB /* New Group */ = {
			isa = PBXGroup;
			children = (
				18982F5928D081B90053E0AB /* default shape.jpeg */,
				18982F5528D05A130053E0AB /* circle.png */,
				18982F5328D05A120053E0AB /* rectangle.png */,
				18982F5428D05A130053E0AB /* square.png */,
			);
			path = "New Group";
			sourceTree = "<group>";
		};
/* End PBXGroup section */

/* Begin PBXNativeTarget section */
		18982F3728D0573F0053E0AB /* ShapeCalculation */ = {
			isa = PBXNativeTarget;
			buildConfigurationList = 18982F4F28D057440053E0AB /* Build configuration list for PBXNativeTarget "ShapeCalculation" */;
			buildPhases = (
				18982F3428D0573F0053E0AB /* Sources */,
				18982F3528D0573F0053E0AB /* Frameworks */,
				18982F3628D0573F0053E0AB /* Resources */,
			);
			buildRules = (
			);
			dependencies = (
			);
			name = ShapeCalculation;
			productName = ShapeCalculation;
			productReference = 18982F3828D0573F0053E0AB /* ShapeCalculation.app */;
			productType = "com.apple.product-type.application";
		};
/* End PBXNativeTarget section */

/* Begin PBXProject section */
		18982F3028D0573F0053E0AB /* Project object */ = {
			isa = PBXProject;
			attributes = {
				BuildIndependentTargetsInParallel = 1;
				LastSwiftUpdateCheck = 1300;
				LastUpgradeCheck = 1300;
				TargetAttributes = {
					18982F3728D0573F0053E0AB = {
						CreatedOnToolsVersion = 13.0;
					};
				};
			};
			buildConfigurationList = 18982F3328D0573F0053E0AB /* Build configuration list for PBXProject "ShapeCalculation" */;
			compatibilityVersion = "Xcode 13.0";
			developmentRegion = en;
			hasScannedForEncodings = 0;
			knownRegions = (
				en,
				Base,
			);
			mainGroup = 18982F2F28D0573F0053E0AB;
			productRefGroup = 18982F3928D0573F0053E0AB /* Products */;
			projectDirPath = "";
			projectRoot = "";
			targets = (
				18982F3728D0573F0053E0AB /* ShapeCalculation */,
			);
		};
/* End PBXProject section */

/* Begin PBXResourcesBuildPhase section */
		18982F3628D0573F0053E0AB /* Resources */ = {
			isa = PBXResourcesBuildPhase;
			buildActionMask = 2147483647;
			files = (
				18982F4B28D057440053E0AB /* LaunchScreen.storyboard in Resources */,
				18982F5628D05A130053E0AB /* rectangle.png in Resources */,
				18982F5A28D081BA0053E0AB /* default shape.jpeg in Resources */,
				18982F5728D05A130053E0AB /* square.png in Resources */,
				18982F5828D05A130053E0AB /* circle.png in Resources */,
				18982F4828D057440053E0AB /* Assets.xcassets in Resources */,
				18982F4328D0573F0053E0AB /* Main.storyboard in Resources */,
			);
			runOnlyForDeploymentPostprocessing = 0;
		};
/* End PBXResourcesBuildPhase section */

/* Begin PBXSourcesBuildPhase section */
		18982F3428D0573F0053E0AB /* Sources */ = {
			isa = PBXSourcesBuildPhase;
			buildActionMask = 2147483647;
			files = (
				18982F4028D0573F0053E0AB /* ViewController.swift in Sources */,
				18982F4628D0573F0053E0AB /* ShapeCalculation.xcdatamodeld in Sources */,
				18982F3C28D0573F0053E0AB /* AppDelegate.swift in Sources */,
				18982F3E28D0573F0053E0AB /* SceneDelegate.swift in Sources */,
			);
			runOnlyForDeploymentPostprocessing = 0;
		};
/* End PBXSourcesBuildPhase section */

/* Begin PBXVariantGroup section */
		18982F4128D0573F0053E0AB /* Main.storyboard */ = {
			isa = PBXVariantGroup;
			children = (
				18982F4228D0573F0053E0AB /* Base */,
			);
			name = Main.storyboard;
			sourceTree = "<group>";
		};
		18982F4928D057440053E0AB /* LaunchScreen.storyboard */ = {
			isa = PBXVariantGroup;
			children = (
				18982F4A28D057440053E0AB /* Base */,
			);
			name = LaunchScreen.storyboard;
			sourceTree = "<group>";
		};
/* End PBXVariantGroup section */

/* Begin XCBuildConfiguration section */
		18982F4D28D057440053E0AB /* Debug */ = {
			isa = XCBuildConfiguration;
			buildSettings = {
				ALWAYS_SEARCH_USER_PATHS = NO;
				CLANG_ANALYZER_NONNULL = YES;
				CLANG_ANALYZER_NUMBER_OBJECT_CONVERSION = YES_AGGRESSIVE;
				CLANG_CXX_LANGUAGE_STANDARD = "gnu++17";
				CLANG_CXX_LIBRARY = "libc++";
				CLANG_ENABLE_MODULES = YES;
				CLANG_ENABLE_OBJC_ARC = YES;
				CLANG_ENABLE_OBJC_WEAK = YES;
				CLANG_WARN_BLOCK_CAPTURE_AUTORELEASING = YES;
				CLANG_WARN_BOOL_CONVERSION = YES;
				CLANG_WARN_COMMA = YES;
				CLANG_WARN_CONSTANT_CONVERSION = YES;
				CLANG_WARN_DEPRECATED_OBJC_IMPLEMENTATIONS = YES;
				CLANG_WARN_DIRECT_OBJC_ISA_USAGE = YES_ERROR;
				CLANG_WARN_DOCUMENTATION_COMMENTS = YES;
				CLANG_WARN_EMPTY_BODY = YES;
				CLANG_WARN_ENUM_CONVERSION = YES;
				CLANG_WARN_INFINITE_RECURSION = YES;
				CLANG_WARN_INT_CONVERSION = YES;
				CLANG_WARN_NON_LITERAL_NULL_CONVERSION = YES;
				CLANG_WARN_OBJC_IMPLICIT_RETAIN_SELF = YES;
				CLANG_WARN_OBJC_LITERAL_CONVERSION = YES;
				CLANG_WARN_OBJC_ROOT_CLASS = YES_ERROR;
				CLANG_WARN_QUOTED_INCLUDE_IN_FRAMEWORK_HEADER = YES;
				CLANG_WARN_RANGE_LOOP_ANALYSIS = YES;
				CLANG_WARN_STRICT_PROTOTYPES = YES;
				CLANG_WARN_SUSPICIOUS_MOVE = YES;
				CLANG_WARN_UNGUARDED_AVAILABILITY = YES_AGGRESSIVE;
				CLANG_WARN_UNREACHABLE_CODE = YES;
				CLANG_WARN__DUPLICATE_METHOD_MATCH = YES;
				COPY_PHASE_STRIP = NO;
				DEBUG_INFORMATION_FORMAT = dwarf;
				ENABLE_STRICT_OBJC_MSGSEND = YES;
				ENABLE_TESTABILITY = YES;
				GCC_C_LANGUAGE_STANDARD = gnu11;
				GCC_DYNAMIC_NO_PIC = NO;
				GCC_NO_COMMON_BLOCKS = YES;
				GCC_OPTIMIZATION_LEVEL = 0;
				GCC_PREPROCESSOR_DEFINITIONS = (
					"DEBUG=1",
					"$(inherited)",
				);
				GCC_WARN_64_TO_32_BIT_CONVERSION = YES;
				GCC_WARN_ABOUT_RETURN_TYPE = YES_ERROR;
				GCC_WARN_UNDECLARED_SELECTOR = YES;
				GCC_WARN_UNINITIALIZED_AUTOS = YES_AGGRESSIVE;
				GCC_WARN_UNUSED_FUNCTION = YES;
				GCC_WARN_UNUSED_VARIABLE = YES;
				IPHONEOS_DEPLOYMENT_TARGET = 15.0;
				MTL_ENABLE_DEBUG_INFO = INCLUDE_SOURCE;
				MTL_FAST_MATH = YES;
				ONLY_ACTIVE_ARCH = YES;
				SDKROOT = iphoneos;
				SWIFT_ACTIVE_COMPILATION_CONDITIONS = DEBUG;
				SWIFT_OPTIMIZATION_LEVEL = "-Onone";
			};
			name = Debug;
		};
		18982F4E28D057440053E0AB /* Release */ = {
			isa = XCBuildConfiguration;
			buildSettings = {
				ALWAYS_SEARCH_USER_PATHS = NO;
				CLANG_ANALYZER_NONNULL = YES;
				CLANG_ANALYZER_NUMBER_OBJECT_CONVERSION = YES_AGGRESSIVE;
				CLANG_CXX_LANGUAGE_STANDARD = "gnu++17";
				CLANG_CXX_LIBRARY = "libc++";
				CLANG_ENABLE_MODULES = YES;
				CLANG_ENABLE_OBJC_ARC = YES;
				CLANG_ENABLE_OBJC_WEAK = YES;
				CLANG_WARN_BLOCK_CAPTURE_AUTORELEASING = YES;
				CLANG_WARN_BOOL_CONVERSION = YES;
				CLANG_WARN_COMMA = YES;
				CLANG_WARN_CONSTANT_CONVERSION = YES;
				CLANG_WARN_DEPRECATED_OBJC_IMPLEMENTATIONS = YES;
				CLANG_WARN_DIRECT_OBJC_ISA_USAGE = YES_ERROR;
				CLANG_WARN_DOCUMENTATION_COMMENTS = YES;
				CLANG_WARN_EMPTY_BODY = YES;
				CLANG_WARN_ENUM_CONVERSION = YES;
				CLANG_WARN_INFINITE_RECURSION = YES;
				CLANG_WARN_INT_CONVERSION = YES;
				CLANG_WARN_NON_LITERAL_NULL_CONVERSION = YES;
				CLANG_WARN_OBJC_IMPLICIT_RETAIN_SELF = YES;
				CLANG_WARN_OBJC_LITERAL_CONVERSION = YES;
				CLANG_WARN_OBJC_ROOT_CLASS = YES_ERROR;
				CLANG_WARN_QUOTED_INCLUDE_IN_FRAMEWORK_HEADER = YES;
				CLANG_WARN_RANGE_LOOP_ANALYSIS = YES;
				CLANG_WARN_STRICT_PROTOTYPES = YES;
				CLANG_WARN_SUSPICIOUS_MOVE = YES;
				CLANG_WARN_UNGUARDED_AVAILABILITY = YES_AGGRESSIVE;
				CLANG_WARN_UNREACHABLE_CODE = YES;
				CLANG_WARN__DUPLICATE_METHOD_MATCH = YES;
				COPY_PHASE_STRIP = NO;
				DEBUG_INFORMATION_FORMAT = "dwarf-with-dsym";
				ENABLE_NS_ASSERTIONS = NO;
				ENABLE_STRICT_OBJC_MSGSEND = YES;
				GCC_C_LANGUAGE_STANDARD = gnu11;
				GCC_NO_COMMON_BLOCKS = YES;
				GCC_WARN_64_TO_32_BIT_CONVERSION = YES;
				GCC_WARN_ABOUT_RETURN_TYPE = YES_ERROR;
				GCC_WARN_UNDECLARED_SELECTOR = YES;
				GCC_WARN_UNINITIALIZED_AUTOS = YES_AGGRESSIVE;
				GCC_WARN_UNUSED_FUNCTION = YES;
				GCC_WARN_UNUSED_VARIABLE = YES;
				IPHONEOS_DEPLOYMENT_TARGET = 15.0;
				MTL_ENABLE_DEBUG_INFO = NO;
				MTL_FAST_MATH = YES;
				SDKROOT = iphoneos;
				SWIFT_COMPILATION_MODE = wholemodule;
				SWIFT_OPTIMIZATION_LEVEL = "-O";
				VALIDATE_PRODUCT = YES;
			};
			name = Release;
		};
		18982F5028D057440053E0AB /* Debug */ = {
			isa = XCBuildConfiguration;
			buildSettings = {
				ASSETCATALOG_COMPILER_APPICON_NAME = AppIcon;
				ASSETCATALOG_COMPILER_GLOBAL_ACCENT_COLOR_NAME = AccentColor;
				CODE_SIGN_STYLE = Automatic;
				CURRENT_PROJECT_VERSION = 1;
				GENERATE_INFOPLIST_FILE = YES;
				INFOPLIST_FILE = ShapeCalculation/Info.plist;
				INFOPLIST_KEY_UIApplicationSupportsIndirectInputEvents = YES;
				INFOPLIST_KEY_UILaunchStoryboardName = LaunchScreen;
				INFOPLIST_KEY_UIMainStoryboardFile = Main;
				INFOPLIST_KEY_UISupportedInterfaceOrientations_iPad = "UIInterfaceOrientationPortrait UIInterfaceOrientationPortraitUpsideDown UIInterfaceOrientationLandscapeLeft UIInterfaceOrientationLandscapeRight";
				INFOPLIST_KEY_UISupportedInterfaceOrientations_iPhone = "UIInterfaceOrientationPortrait UIInterfaceOrientationLandscapeLeft UIInterfaceOrientationLandscapeRight";
				LD_RUNPATH_SEARCH_PATHS = (
					"$(inherited)",
					"@executable_path/Frameworks",
				);
				MARKETING_VERSION = 1.0;
				PRODUCT_BUNDLE_IDENTIFIER = "Code-better.ShapeCalculation";
				PRODUCT_NAME = "$(TARGET_NAME)";
				SWIFT_EMIT_LOC_STRINGS = YES;
				SWIFT_VERSION = 5.0;
				TARGETED_DEVICE_FAMILY = "1,2";
			};
			name = Debug;
		};
		18982F5128D057440053E0AB /* Release */ = {
			isa = XCBuildConfiguration;
			buildSettings = {
				ASSETCATALOG_COMPILER_APPICON_NAME = AppIcon;
				ASSETCATALOG_COMPILER_GLOBAL_ACCENT_COLOR_NAME = AccentColor;
				CODE_SIGN_STYLE = Automatic;
				CURRENT_PROJECT_VERSION = 1;
				GENERATE_INFOPLIST_FILE = YES;
				INFOPLIST_FILE = ShapeCalculation/Info.plist;
				INFOPLIST_KEY_UIApplicationSupportsIndirectInputEvents = YES;
				INFOPLIST_KEY_UILaunchStoryboardName = LaunchScreen;
				INFOPLIST_KEY_UIMainStoryboardFile = Main;
				INFOPLIST_KEY_UISupportedInterfaceOrientations_iPad = "UIInterfaceOrientationPortrait UIInterfaceOrientationPortraitUpsideDown UIInterfaceOrientationLandscapeLeft UIInterfaceOrientationLandscapeRight";
				INFOPLIST_KEY_UISupportedInterfaceOrientations_iPhone = "UIInterfaceOrientationPortrait UIInterfaceOrientationLandscapeLeft UIInterfaceOrientationLandscapeRight";
				LD_RUNPATH_SEARCH_PATHS = (
					"$(inherited)",
					"@executable_path/Frameworks",
				);
				MARKETING_VERSION = 1.0;
				PRODUCT_BUNDLE_IDENTIFIER = "Code-better.ShapeCalculation";
				PRODUCT_NAME = "$(TARGET_NAME)";
				SWIFT_EMIT_LOC_STRINGS = YES;
				SWIFT_VERSION = 5.0;
				TARGETED_DEVICE_FAMILY = "1,2";
			};
			name = Release;
		};
/* End XCBuildConfiguration section */

/* Begin XCConfigurationList section */
		18982F3328D0573F0053E0AB /* Build configuration list for PBXProject "ShapeCalculation" */ = {
			isa = XCConfigurationList;
			buildConfigurations = (
				18982F4D28D057440053E0AB /* Debug */,
				18982F4E28D057440053E0AB /* Release */,
			);
			defaultConfigurationIsVisible = 0;
			defaultConfigurationName = Release;
		};
		18982F4F28D057440053E0AB /* Build configuration list for PBXNativeTarget "ShapeCalculation" */ = {
			isa = XCConfigurationList;
			buildConfigurations = (
				18982F5028D057440053E0AB /* Debug */,
				18982F5128D057440053E0AB /* Release */,
			);
			defaultConfigurationIsVisible = 0;
			defaultConfigurationName = Release;
		};
/* End XCConfigurationList section */

/* Begin XCVersionGroup section */
		18982F4428D0573F0053E0AB /* ShapeCalculation.xcdatamodeld */ = {
			isa = XCVersionGroup;
			children = (
				18982F4528D0573F0053E0AB /* ShapeCalculation.xcdatamodel */,
			);
			currentVersion = 18982F4528D0573F0053E0AB /* ShapeCalculation.xcdatamodel */;
			path = ShapeCalculation.xcdatamodeld;
			sourceTree = "<group>";
			versionGroupType = wrapper.xcdatamodel;
		};
/* End XCVersionGroup section */
	};
	rootObject = 18982F3028D0573F0053E0AB /* Project object */;
}
