// !$*UTF8*$!
{
	archiveVersion = 1;
	classes = {
	};
	objectVersion = 55;
	objects = {

/* Begin PBXBuildFile section */
		18D470E628E1C6CC00FB617A /* AppDelegate.swift in Sources */ = {isa = PBXBuildFile; fileRef = 18D470E528E1C6CC00FB617A /* AppDelegate.swift */; };
		18D470E828E1C6CC00FB617A /* SceneDelegate.swift in Sources */ = {isa = PBXBuildFile; fileRef = 18D470E728E1C6CC00FB617A /* SceneDelegate.swift */; };
		18D470EA28E1C6CC00FB617A /* ViewController.swift in Sources */ = {isa = PBXBuildFile; fileRef = 18D470E928E1C6CC00FB617A /* ViewController.swift */; };
		18D470ED28E1C6CC00FB617A /* Main.storyboard in Resources */ = {isa = PBXBuildFile; fileRef = 18D470EB28E1C6CC00FB617A /* Main.storyboard */; };
		18D470F028E1C6CC00FB617A /* employeeTableView.xcdatamodeld in Sources */ = {isa = PBXBuildFile; fileRef = 18D470EE28E1C6CC00FB617A /* employeeTableView.xcdatamodeld */; };
		18D470F228E1C6D000FB617A /* Assets.xcassets in Resources */ = {isa = PBXBuildFile; fileRef = 18D470F128E1C6D000FB617A /* Assets.xcassets */; };
		18D470F528E1C6D000FB617A /* LaunchScreen.storyboard in Resources */ = {isa = PBXBuildFile; fileRef = 18D470F328E1C6D000FB617A /* LaunchScreen.storyboard */; };
		18D470FD28E1D4AD00FB617A /* NewViewController.swift in Sources */ = {isa = PBXBuildFile; fileRef = 18D470FC28E1D4AD00FB617A /* NewViewController.swift */; };
		18D470FF28E1D4CF00FB617A /* employeeClass.swift in Sources */ = {isa = PBXBuildFile; fileRef = 18D470FE28E1D4CF00FB617A /* employeeClass.swift */; };
/* End PBXBuildFile section */

/* Begin PBXFileReference section */
		18D470E228E1C6CC00FB617A /* employeeTableView.app */ = {isa = PBXFileReference; explicitFileType = wrapper.application; includeInIndex = 0; path = employeeTableView.app; sourceTree = BUILT_PRODUCTS_DIR; };
		18D470E528E1C6CC00FB617A /* AppDelegate.swift */ = {isa = PBXFileReference; lastKnownFileType = sourcecode.swift; path = AppDelegate.swift; sourceTree = "<group>"; };
		18D470E728E1C6CC00FB617A /* SceneDelegate.swift */ = {isa = PBXFileReference; lastKnownFileType = sourcecode.swift; path = SceneDelegate.swift; sourceTree = "<group>"; };
		18D470E928E1C6CC00FB617A /* ViewController.swift */ = {isa = PBXFileReference; lastKnownFileType = sourcecode.swift; path = ViewController.swift; sourceTree = "<group>"; };
		18D470EC28E1C6CC00FB617A /* Base */ = {isa = PBXFileReference; lastKnownFileType = file.storyboard; name = Base; path = Base.lproj/Main.storyboard; sourceTree = "<group>"; };
		18D470EF28E1C6CC00FB617A /* employeeTableView.xcdatamodel */ = {isa = PBXFileReference; lastKnownFileType = wrapper.xcdatamodel; path = employeeTableView.xcdatamodel; sourceTree = "<group>"; };
		18D470F128E1C6D000FB617A /* Assets.xcassets */ = {isa = PBXFileReference; lastKnownFileType = folder.assetcatalog; path = Assets.xcassets; sourceTree = "<group>"; };
		18D470F428E1C6D000FB617A /* Base */ = {isa = PBXFileReference; lastKnownFileType = file.storyboard; name = Base; path = Base.lproj/LaunchScreen.storyboard; sourceTree = "<group>"; };
		18D470F628E1C6D000FB617A /* Info.plist */ = {isa = PBXFileReference; lastKnownFileType = text.plist.xml; path = Info.plist; sourceTree = "<group>"; };
		18D470FC28E1D4AD00FB617A /* NewViewController.swift */ = {isa = PBXFileReference; lastKnownFileType = sourcecode.swift; path = NewViewController.swift; sourceTree = "<group>"; };
		18D470FE28E1D4CF00FB617A /* employeeClass.swift */ = {isa = PBXFileReference; lastKnownFileType = sourcecode.swift; path = employeeClass.swift; sourceTree = "<group>"; };
/* End PBXFileReference section */

/* Begin PBXFrameworksBuildPhase section */
		18D470DF28E1C6CC00FB617A /* Frameworks */ = {
			isa = PBXFrameworksBuildPhase;
			buildActionMask = 2147483647;
			files = (
			);
			runOnlyForDeploymentPostprocessing = 0;
		};
/* End PBXFrameworksBuildPhase section */

/* Begin PBXGroup section */
		18D470D928E1C6CC00FB617A = {
			isa = PBXGroup;
			children = (
				18D470E428E1C6CC00FB617A /* employeeTableView */,
				18D470E328E1C6CC00FB617A /* Products */,
			);
			sourceTree = "<group>";
		};
		18D470E328E1C6CC00FB617A /* Products */ = {
			isa = PBXGroup;
			children = (
				18D470E228E1C6CC00FB617A /* employeeTableView.app */,
			);
			name = Products;
			sourceTree = "<group>";
		};
		18D470E428E1C6CC00FB617A /* employeeTableView */ = {
			isa = PBXGroup;
			children = (
				18D470E528E1C6CC00FB617A /* AppDelegate.swift */,
				18D470FE28E1D4CF00FB617A /* employeeClass.swift */,
				18D470E728E1C6CC00FB617A /* SceneDelegate.swift */,
				18D470E928E1C6CC00FB617A /* ViewController.swift */,
				18D470FC28E1D4AD00FB617A /* NewViewController.swift */,
				18D470EB28E1C6CC00FB617A /* Main.storyboard */,
				18D470F128E1C6D000FB617A /* Assets.xcassets */,
				18D470F328E1C6D000FB617A /* LaunchScreen.storyboard */,
				18D470F628E1C6D000FB617A /* Info.plist */,
				18D470EE28E1C6CC00FB617A /* employeeTableView.xcdatamodeld */,
			);
			path = employeeTableView;
			sourceTree = "<group>";
		};
/* End PBXGroup section */

/* Begin PBXNativeTarget section */
		18D470E128E1C6CC00FB617A /* employeeTableView */ = {
			isa = PBXNativeTarget;
			buildConfigurationList = 18D470F928E1C6D000FB617A /* Build configuration list for PBXNativeTarget "employeeTableView" */;
			buildPhases = (
				18D470DE28E1C6CC00FB617A /* Sources */,
				18D470DF28E1C6CC00FB617A /* Frameworks */,
				18D470E028E1C6CC00FB617A /* Resources */,
			);
			buildRules = (
			);
			dependencies = (
			);
			name = employeeTableView;
			productName = employeeTableView;
			productReference = 18D470E228E1C6CC00FB617A /* employeeTableView.app */;
			productType = "com.apple.product-type.application";
		};
/* End PBXNativeTarget section */

/* Begin PBXProject section */
		18D470DA28E1C6CC00FB617A /* Project object */ = {
			isa = PBXProject;
			attributes = {
				BuildIndependentTargetsInParallel = 1;
				LastSwiftUpdateCheck = 1300;
				LastUpgradeCheck = 1300;
				TargetAttributes = {
					18D470E128E1C6CC00FB617A = {
						CreatedOnToolsVersion = 13.0;
					};
				};
			};
			buildConfigurationList = 18D470DD28E1C6CC00FB617A /* Build configuration list for PBXProject "employeeTableView" */;
			compatibilityVersion = "Xcode 13.0";
			developmentRegion = en;
			hasScannedForEncodings = 0;
			knownRegions = (
				en,
				Base,
			);
			mainGroup = 18D470D928E1C6CC00FB617A;
			productRefGroup = 18D470E328E1C6CC00FB617A /* Products */;
			projectDirPath = "";
			projectRoot = "";
			targets = (
				18D470E128E1C6CC00FB617A /* employeeTableView */,
			);
		};
/* End PBXProject section */

/* Begin PBXResourcesBuildPhase section */
		18D470E028E1C6CC00FB617A /* Resources */ = {
			isa = PBXResourcesBuildPhase;
			buildActionMask = 2147483647;
			files = (
				18D470F528E1C6D000FB617A /* LaunchScreen.storyboard in Resources */,
				18D470F228E1C6D000FB617A /* Assets.xcassets in Resources */,
				18D470ED28E1C6CC00FB617A /* Main.storyboard in Resources */,
			);
			runOnlyForDeploymentPostprocessing = 0;
		};
/* End PBXResourcesBuildPhase section */

/* Begin PBXSourcesBuildPhase section */
		18D470DE28E1C6CC00FB617A /* Sources */ = {
			isa = PBXSourcesBuildPhase;
			buildActionMask = 2147483647;
			files = (
				18D470EA28E1C6CC00FB617A /* ViewController.swift in Sources */,
				18D470F028E1C6CC00FB617A /* employeeTableView.xcdatamodeld in Sources */,
				18D470FF28E1D4CF00FB617A /* employeeClass.swift in Sources */,
				18D470FD28E1D4AD00FB617A /* NewViewController.swift in Sources */,
				18D470E628E1C6CC00FB617A /* AppDelegate.swift in Sources */,
				18D470E828E1C6CC00FB617A /* SceneDelegate.swift in Sources */,
			);
			runOnlyForDeploymentPostprocessing = 0;
		};
/* End PBXSourcesBuildPhase section */

/* Begin PBXVariantGroup section */
		18D470EB28E1C6CC00FB617A /* Main.storyboard */ = {
			isa = PBXVariantGroup;
			children = (
				18D470EC28E1C6CC00FB617A /* Base */,
			);
			name = Main.storyboard;
			sourceTree = "<group>";
		};
		18D470F328E1C6D000FB617A /* LaunchScreen.storyboard */ = {
			isa = PBXVariantGroup;
			children = (
				18D470F428E1C6D000FB617A /* Base */,
			);
			name = LaunchScreen.storyboard;
			sourceTree = "<group>";
		};
/* End PBXVariantGroup section */

/* Begin XCBuildConfiguration section */
		18D470F728E1C6D000FB617A /* Debug */ = {
			isa = XCBuildConfiguration;
			buildSettings = {
				ALWAYS_SEARCH_USER_PATHS = NO;
				CLANG_ANALYZER_NONNULL = YES;
				CLANG_ANALYZER_NUMBER_OBJECT_CONVERSION = YES_AGGRESSIVE;
				CLANG_CXX_LANGUAGE_STANDARD = "gnu++17";
				CLANG_CXX_LIBRARY = "libc++";
				CLANG_ENABLE_MODULES = YES;
				CLANG_ENABLE_OBJC_ARC = YES;
				CLANG_ENABLE_OBJC_WEAK = YES;
				CLANG_WARN_BLOCK_CAPTURE_AUTORELEASING = YES;
				CLANG_WARN_BOOL_CONVERSION = YES;
				CLANG_WARN_COMMA = YES;
				CLANG_WARN_CONSTANT_CONVERSION = YES;
				CLANG_WARN_DEPRECATED_OBJC_IMPLEMENTATIONS = YES;
				CLANG_WARN_DIRECT_OBJC_ISA_USAGE = YES_ERROR;
				CLANG_WARN_DOCUMENTATION_COMMENTS = YES;
				CLANG_WARN_EMPTY_BODY = YES;
				CLANG_WARN_ENUM_CONVERSION = YES;
				CLANG_WARN_INFINITE_RECURSION = YES;
				CLANG_WARN_INT_CONVERSION = YES;
				CLANG_WARN_NON_LITERAL_NULL_CONVERSION = YES;
				CLANG_WARN_OBJC_IMPLICIT_RETAIN_SELF = YES;
				CLANG_WARN_OBJC_LITERAL_CONVERSION = YES;
				CLANG_WARN_OBJC_ROOT_CLASS = YES_ERROR;
				CLANG_WARN_QUOTED_INCLUDE_IN_FRAMEWORK_HEADER = YES;
				CLANG_WARN_RANGE_LOOP_ANALYSIS = YES;
				CLANG_WARN_STRICT_PROTOTYPES = YES;
				CLANG_WARN_SUSPICIOUS_MOVE = YES;
				CLANG_WARN_UNGUARDED_AVAILABILITY = YES_AGGRESSIVE;
				CLANG_WARN_UNREACHABLE_CODE = YES;
				CLANG_WARN__DUPLICATE_METHOD_MATCH = YES;
				COPY_PHASE_STRIP = NO;
				DEBUG_INFORMATION_FORMAT = dwarf;
				ENABLE_STRICT_OBJC_MSGSEND = YES;
				ENABLE_TESTABILITY = YES;
				GCC_C_LANGUAGE_STANDARD = gnu11;
				GCC_DYNAMIC_NO_PIC = NO;
				GCC_NO_COMMON_BLOCKS = YES;
				GCC_OPTIMIZATION_LEVEL = 0;
				GCC_PREPROCESSOR_DEFINITIONS = (
					"DEBUG=1",
					"$(inherited)",
				);
				GCC_WARN_64_TO_32_BIT_CONVERSION = YES;
				GCC_WARN_ABOUT_RETURN_TYPE = YES_ERROR;
				GCC_WARN_UNDECLARED_SELECTOR = YES;
				GCC_WARN_UNINITIALIZED_AUTOS = YES_AGGRESSIVE;
				GCC_WARN_UNUSED_FUNCTION = YES;
				GCC_WARN_UNUSED_VARIABLE = YES;
				IPHONEOS_DEPLOYMENT_TARGET = 15.0;
				MTL_ENABLE_DEBUG_INFO = INCLUDE_SOURCE;
				MTL_FAST_MATH = YES;
				ONLY_ACTIVE_ARCH = YES;
				SDKROOT = iphoneos;
				SWIFT_ACTIVE_COMPILATION_CONDITIONS = DEBUG;
				SWIFT_OPTIMIZATION_LEVEL = "-Onone";
			};
			name = Debug;
		};
		18D470F828E1C6D000FB617A /* Release */ = {
			isa = XCBuildConfiguration;
			buildSettings = {
				ALWAYS_SEARCH_USER_PATHS = NO;
				CLANG_ANALYZER_NONNULL = YES;
				CLANG_ANALYZER_NUMBER_OBJECT_CONVERSION = YES_AGGRESSIVE;
				CLANG_CXX_LANGUAGE_STANDARD = "gnu++17";
				CLANG_CXX_LIBRARY = "libc++";
				CLANG_ENABLE_MODULES = YES;
				CLANG_ENABLE_OBJC_ARC = YES;
				CLANG_ENABLE_OBJC_WEAK = YES;
				CLANG_WARN_BLOCK_CAPTURE_AUTORELEASING = YES;
				CLANG_WARN_BOOL_CONVERSION = YES;
				CLANG_WARN_COMMA = YES;
				CLANG_WARN_CONSTANT_CONVERSION = YES;
				CLANG_WARN_DEPRECATED_OBJC_IMPLEMENTATIONS = YES;
				CLANG_WARN_DIRECT_OBJC_ISA_USAGE = YES_ERROR;
				CLANG_WARN_DOCUMENTATION_COMMENTS = YES;
				CLANG_WARN_EMPTY_BODY = YES;
				CLANG_WARN_ENUM_CONVERSION = YES;
				CLANG_WARN_INFINITE_RECURSION = YES;
				CLANG_WARN_INT_CONVERSION = YES;
				CLANG_WARN_NON_LITERAL_NULL_CONVERSION = YES;
				CLANG_WARN_OBJC_IMPLICIT_RETAIN_SELF = YES;
				CLANG_WARN_OBJC_LITERAL_CONVERSION = YES;
				CLANG_WARN_OBJC_ROOT_CLASS = YES_ERROR;
				CLANG_WARN_QUOTED_INCLUDE_IN_FRAMEWORK_HEADER = YES;
				CLANG_WARN_RANGE_LOOP_ANALYSIS = YES;
				CLANG_WARN_STRICT_PROTOTYPES = YES;
				CLANG_WARN_SUSPICIOUS_MOVE = YES;
				CLANG_WARN_UNGUARDED_AVAILABILITY = YES_AGGRESSIVE;
				CLANG_WARN_UNREACHABLE_CODE = YES;
				CLANG_WARN__DUPLICATE_METHOD_MATCH = YES;
				COPY_PHASE_STRIP = NO;
				DEBUG_INFORMATION_FORMAT = "dwarf-with-dsym";
				ENABLE_NS_ASSERTIONS = NO;
				ENABLE_STRICT_OBJC_MSGSEND = YES;
				GCC_C_LANGUAGE_STANDARD = gnu11;
				GCC_NO_COMMON_BLOCKS = YES;
				GCC_WARN_64_TO_32_BIT_CONVERSION = YES;
				GCC_WARN_ABOUT_RETURN_TYPE = YES_ERROR;
				GCC_WARN_UNDECLARED_SELECTOR = YES;
				GCC_WARN_UNINITIALIZED_AUTOS = YES_AGGRESSIVE;
				GCC_WARN_UNUSED_FUNCTION = YES;
				GCC_WARN_UNUSED_VARIABLE = YES;
				IPHONEOS_DEPLOYMENT_TARGET = 15.0;
				MTL_ENABLE_DEBUG_INFO = NO;
				MTL_FAST_MATH = YES;
				SDKROOT = iphoneos;
				SWIFT_COMPILATION_MODE = wholemodule;
				SWIFT_OPTIMIZATION_LEVEL = "-O";
				VALIDATE_PRODUCT = YES;
			};
			name = Release;
		};
		18D470FA28E1C6D000FB617A /* Debug */ = {
			isa = XCBuildConfiguration;
			buildSettings = {
				ASSETCATALOG_COMPILER_APPICON_NAME = AppIcon;
				ASSETCATALOG_COMPILER_GLOBAL_ACCENT_COLOR_NAME = AccentColor;
				CODE_SIGN_STYLE = Automatic;
				CURRENT_PROJECT_VERSION = 1;
				GENERATE_INFOPLIST_FILE = YES;
				INFOPLIST_FILE = employeeTableView/Info.plist;
				INFOPLIST_KEY_UIApplicationSupportsIndirectInputEvents = YES;
				INFOPLIST_KEY_UILaunchStoryboardName = LaunchScreen;
				INFOPLIST_KEY_UIMainStoryboardFile = Main;
				INFOPLIST_KEY_UISupportedInterfaceOrientations_iPad = "UIInterfaceOrientationPortrait UIInterfaceOrientationPortraitUpsideDown UIInterfaceOrientationLandscapeLeft UIInterfaceOrientationLandscapeRight";
				INFOPLIST_KEY_UISupportedInterfaceOrientations_iPhone = "UIInterfaceOrientationPortrait UIInterfaceOrientationLandscapeLeft UIInterfaceOrientationLandscapeRight";
				LD_RUNPATH_SEARCH_PATHS = (
					"$(inherited)",
					"@executable_path/Frameworks",
				);
				MARKETING_VERSION = 1.0;
				PRODUCT_BUNDLE_IDENTIFIER = "Code-better.employeeTableView";
				PRODUCT_NAME = "$(TARGET_NAME)";
				SWIFT_EMIT_LOC_STRINGS = YES;
				SWIFT_VERSION = 5.0;
				TARGETED_DEVICE_FAMILY = "1,2";
			};
			name = Debug;
		};
		18D470FB28E1C6D000FB617A /* Release */ = {
			isa = XCBuildConfiguration;
			buildSettings = {
				ASSETCATALOG_COMPILER_APPICON_NAME = AppIcon;
				ASSETCATALOG_COMPILER_GLOBAL_ACCENT_COLOR_NAME = AccentColor;
				CODE_SIGN_STYLE = Automatic;
				CURRENT_PROJECT_VERSION = 1;
				GENERATE_INFOPLIST_FILE = YES;
				INFOPLIST_FILE = employeeTableView/Info.plist;
				INFOPLIST_KEY_UIApplicationSupportsIndirectInputEvents = YES;
				INFOPLIST_KEY_UILaunchStoryboardName = LaunchScreen;
				INFOPLIST_KEY_UIMainStoryboardFile = Main;
				INFOPLIST_KEY_UISupportedInterfaceOrientations_iPad = "UIInterfaceOrientationPortrait UIInterfaceOrientationPortraitUpsideDown UIInterfaceOrientationLandscapeLeft UIInterfaceOrientationLandscapeRight";
				INFOPLIST_KEY_UISupportedInterfaceOrientations_iPhone = "UIInterfaceOrientationPortrait UIInterfaceOrientationLandscapeLeft UIInterfaceOrientationLandscapeRight";
				LD_RUNPATH_SEARCH_PATHS = (
					"$(inherited)",
					"@executable_path/Frameworks",
				);
				MARKETING_VERSION = 1.0;
				PRODUCT_BUNDLE_IDENTIFIER = "Code-better.employeeTableView";
				PRODUCT_NAME = "$(TARGET_NAME)";
				SWIFT_EMIT_LOC_STRINGS = YES;
				SWIFT_VERSION = 5.0;
				TARGETED_DEVICE_FAMILY = "1,2";
			};
			name = Release;
		};
/* End XCBuildConfiguration section */

/* Begin XCConfigurationList section */
		18D470DD28E1C6CC00FB617A /* Build configuration list for PBXProject "employeeTableView" */ = {
			isa = XCConfigurationList;
			buildConfigurations = (
				18D470F728E1C6D000FB617A /* Debug */,
				18D470F828E1C6D000FB617A /* Release */,
			);
			defaultConfigurationIsVisible = 0;
			defaultConfigurationName = Release;
		};
		18D470F928E1C6D000FB617A /* Build configuration list for PBXNativeTarget "employeeTableView" */ = {
			isa = XCConfigurationList;
			buildConfigurations = (
				18D470FA28E1C6D000FB617A /* Debug */,
				18D470FB28E1C6D000FB617A /* Release */,
			);
			defaultConfigurationIsVisible = 0;
			defaultConfigurationName = Release;
		};
/* End XCConfigurationList section */

/* Begin XCVersionGroup section */
		18D470EE28E1C6CC00FB617A /* employeeTableView.xcdatamodeld */ = {
			isa = XCVersionGroup;
			children = (
				18D470EF28E1C6CC00FB617A /* employeeTableView.xcdatamodel */,
			);
			currentVersion = 18D470EF28E1C6CC00FB617A /* employeeTableView.xcdatamodel */;
			path = employeeTableView.xcdatamodeld;
			sourceTree = "<group>";
			versionGroupType = wrapper.xcdatamodel;
		};
/* End XCVersionGroup section */
	};
	rootObject = 18D470DA28E1C6CC00FB617A /* Project object */;
}
